<?xml version="1.0" encoding="utf-8"?>
<Project ToolsVersion="4.0" xmlns="http://schemas.microsoft.com/developer/msbuild/2003">
  <ItemGroup>
    <Filter Include="Source Files">
      <UniqueIdentifier>{4FC737F1-C7A5-4376-A066-2A32D752A2FF}</UniqueIdentifier>
      <Extensions>cpp;c;cc;cxx;c++;cppm;ixx;def;odl;idl;hpj;bat;asm;asmx</Extensions>
    </Filter>
    <Filter Include="Header Files">
      <UniqueIdentifier>{93995380-89BD-4b04-88EB-625FBE52EBFB}</UniqueIdentifier>
      <Extensions>h;hh;hpp;hxx;h++;hm;inl;inc;ipp;xsd</Extensions>
    </Filter>
    <Filter Include="Resource Files">
      <UniqueIdentifier>{67DA6AB6-F800-4c08-8B7A-83BB121AAD01}</UniqueIdentifier>
      <Extensions>rc;ico;cur;bmp;dlg;rc2;rct;bin;rgs;gif;jpg;jpeg;jpe;resx;tiff;tif;png;wav;mfcribbon-ms</Extensions>
    </Filter>
  </ItemGroup>
  <ItemGroup>
    <ClInclude Include="Dependencies\rtaudio-5.2.0\RtAudio.h">
      <Filter>Header Files</Filter>
    </ClInclude>
    <ClInclude Include="Dependencies\minimp3\minimp3.h">
      <Filter>Header Files</Filter>
    </ClInclude>
    <ClInclude Include="Dependencies\minimp3\minimp3_ex.h">
      <Filter>Header Files</Filter>
    </ClInclude>
    <ClInclude Include="Dependencies\wavpack\include\wavpack.h">
      <Filter>Header Files</Filter>
    </ClInclude>
    <ClInclude Include="Dependencies\wavpack\src\decorr_tables.h">
      <Filter>Header Files</Filter>
    </ClInclude>
    <ClInclude Include="Dependencies\wavpack\src\unpack3.h">
      <Filter>Header Files</Filter>
    </ClInclude>
    <ClInclude Include="Dependencies\wavpack\src\wavpack_local.h">
      <Filter>Header Files</Filter>
    </ClInclude>
    <ClInclude Include="Dependencies\wavpack\src\wavpack_version.h">
      <Filter>Header Files</Filter>
    </ClInclude>
    <ClInclude Include="include\AudioDevice.h">
      <Filter>Header Files</Filter>
    </ClInclude>
    <ClInclude Include="include\AudioSystem.h">
      <Filter>Header Files</Filter>
    </ClInclude>
    <ClInclude Include="src\AudioGallery.h">
      <Filter>Header Files</Filter>
    </ClInclude>
    <ClInclude Include="include\SoundEffect.h">
      <Filter>Header Files</Filter>
    </ClInclude>
    <ClInclude Include="src\SoundFileDecoder.h">
      <Filter>Header Files</Filter>
    </ClInclude>
    <ClInclude Include="src\Mp3FileDecoder.h">
      <Filter>Header Files</Filter>
    </ClInclude>
    <ClInclude Include="src\SoundBuffer.h">
      <Filter>Header Files</Filter>
    </ClInclude>
    <ClInclude Include="src\FlacFileDecoder.h">
      <Filter>Header Files</Filter>
    </ClInclude>
  </ItemGroup>
  <ItemGroup>
    <ClCompile Include="Dependencies\rtaudio-5.2.0\RtAudio.cpp">
      <Filter>Source Files</Filter>
    </ClCompile>
    <ClCompile Include="Dependencies\wavpack\src\common_utils.c">
      <Filter>Source Files</Filter>
    </ClCompile>
    <ClCompile Include="Dependencies\wavpack\src\decorr_utils.c">
      <Filter>Source Files</Filter>
    </ClCompile>
    <ClCompile Include="Dependencies\wavpack\src\entropy_utils.c">
      <Filter>Source Files</Filter>
    </ClCompile>
    <ClCompile Include="Dependencies\wavpack\src\extra1.c">
      <Filter>Source Files</Filter>
    </ClCompile>
    <ClCompile Include="Dependencies\wavpack\src\extra2.c">
      <Filter>Source Files</Filter>
    </ClCompile>
    <ClCompile Include="Dependencies\wavpack\src\open_filename.c">
      <Filter>Source Files</Filter>
    </ClCompile>
    <ClCompile Include="Dependencies\wavpack\src\open_legacy.c">
      <Filter>Source Files</Filter>
    </ClCompile>
    <ClCompile Include="Dependencies\wavpack\src\open_raw.c">
      <Filter>Source Files</Filter>
    </ClCompile>
    <ClCompile Include="Dependencies\wavpack\src\open_utils.c">
      <Filter>Source Files</Filter>
    </ClCompile>
    <ClCompile Include="Dependencies\wavpack\src\pack.c">
      <Filter>Source Files</Filter>
    </ClCompile>
    <ClCompile Include="Dependencies\wavpack\src\pack_dns.c">
      <Filter>Source Files</Filter>
    </ClCompile>
    <ClCompile Include="Dependencies\wavpack\src\pack_dsd.c">
      <Filter>Source Files</Filter>
    </ClCompile>
    <ClCompile Include="Dependencies\wavpack\src\pack_floats.c">
      <Filter>Source Files</Filter>
    </ClCompile>
    <ClCompile Include="Dependencies\wavpack\src\pack_utils.c">
      <Filter>Source Files</Filter>
    </ClCompile>
    <ClCompile Include="Dependencies\wavpack\src\read_words.c">
      <Filter>Source Files</Filter>
    </ClCompile>
    <ClCompile Include="Dependencies\wavpack\src\tag_utils.c">
      <Filter>Source Files</Filter>
    </ClCompile>
    <ClCompile Include="Dependencies\wavpack\src\tags.c">
      <Filter>Source Files</Filter>
    </ClCompile>
    <ClCompile Include="Dependencies\wavpack\src\unpack.c">
      <Filter>Source Files</Filter>
    </ClCompile>
    <ClCompile Include="Dependencies\wavpack\src\unpack_dsd.c">
      <Filter>Source Files</Filter>
    </ClCompile>
    <ClCompile Include="Dependencies\wavpack\src\unpack_floats.c">
      <Filter>Source Files</Filter>
    </ClCompile>
    <ClCompile Include="Dependencies\wavpack\src\unpack_seek.c">
      <Filter>Source Files</Filter>
    </ClCompile>
    <ClCompile Include="Dependencies\wavpack\src\unpack_utils.c">
      <Filter>Source Files</Filter>
    </ClCompile>
    <ClCompile Include="Dependencies\wavpack\src\unpack3.c">
      <Filter>Source Files</Filter>
    </ClCompile>
    <ClCompile Include="Dependencies\wavpack\src\unpack3_open.c">
      <Filter>Source Files</Filter>
    </ClCompile>
    <ClCompile Include="Dependencies\wavpack\src\unpack3_seek.c">
      <Filter>Source Files</Filter>
    </ClCompile>
    <ClCompile Include="Dependencies\wavpack\src\write_words.c">
      <Filter>Source Files</Filter>
    </ClCompile>
    <ClCompile Include="src\AudioDevice.cpp">
      <Filter>Source Files</Filter>
    </ClCompile>
    <ClCompile Include="src\AudioSystem.cpp">
      <Filter>Source Files</Filter>
    </ClCompile>
    <ClCompile Include="src\AudioGallery.cpp">
      <Filter>Source Files</Filter>
    </ClCompile>
    <ClCompile Include="src\Mp3FileDecoder.cpp">
      <Filter>Source Files</Filter>
    </ClCompile>
    <ClCompile Include="src\SoundFileDecoder.cpp">
      <Filter>Source Files</Filter>
    </ClCompile>
    <ClCompile Include="src\SoundEffect.cpp">
      <Filter>Source Files</Filter>
    </ClCompile>
    <ClCompile Include="src\SoundBuffer.cpp">
      <Filter>Source Files</Filter>
    </ClCompile>
    <ClCompile Include="src\WavpackFileDecoder.h">
      <Filter>Source Files</Filter>
    </ClCompile>
    <ClCompile Include="src\WavpackFileDecoder.cpp">
      <Filter>Source Files</Filter>
    </ClCompile>
  </ItemGroup>
  <ItemGroup>
    <None Include="Dependencies\wavpack\src\pack_x64.asm">
      <Filter>Source Files</Filter>
    </None>
    <None Include="Dependencies\wavpack\src\pack_x64.S" />
    <None Include="Dependencies\wavpack\src\pack_x86.asm">
      <Filter>Source Files</Filter>
    </None>
    <None Include="Dependencies\wavpack\src\pack_x86.S" />
    <None Include="Dependencies\wavpack\src\unpack_armv7.S" />
    <None Include="Dependencies\wavpack\src\unpack_x64.asm">
      <Filter>Source Files</Filter>
    </None>
    <None Include="Dependencies\wavpack\src\unpack_x64.S" />
    <None Include="Dependencies\wavpack\src\unpack_x86.asm">
      <Filter>Source Files</Filter>
    </None>
    <None Include="Dependencies\wavpack\src\unpack_x86.S" />
  </ItemGroup>
</Project>