<?xml version="1.0" encoding="utf-8"?>
<Project ToolsVersion="4.0" xmlns="http://schemas.microsoft.com/developer/msbuild/2003">
  <ItemGroup>
    <Filter Include="Source Files">
      <UniqueIdentifier>{4FC737F1-C7A5-4376-A066-2A32D752A2FF}</UniqueIdentifier>
      <Extensions>cpp;c;cc;cxx;c++;cppm;ixx;def;odl;idl;hpj;bat;asm;asmx</Extensions>
    </Filter>
    <Filter Include="Header Files">
      <UniqueIdentifier>{93995380-89BD-4b04-88EB-625FBE52EBFB}</UniqueIdentifier>
      <Extensions>h;hh;hpp;hxx;h++;hm;inl;inc;ipp;xsd</Extensions>
    </Filter>
    <Filter Include="Resource Files">
      <UniqueIdentifier>{67DA6AB6-F800-4c08-8B7A-83BB121AAD01}</UniqueIdentifier>
      <Extensions>rc;ico;cur;bmp;dlg;rc2;rct;bin;rgs;gif;jpg;jpeg;jpe;resx;tiff;tif;png;wav;mfcribbon-ms</Extensions>
    </Filter>
  </ItemGroup>
  <ItemGroup>
    <ClCompile Include="main.cpp">
      <Filter>Source Files</Filter>
    </ClCompile>
    <ClCompile Include="GUI\ViewportGuiLayer.cpp">
      <Filter>Source Files</Filter>
    </ClCompile>
    <ClCompile Include="KinematicPathFinderApp.cpp">
      <Filter>Source Files</Filter>
    </ClCompile>
    <ClCompile Include="GUI\AppStateGuiLayer.cpp">
      <Filter>Source Files</Filter>
    </ClCompile>
    <ClCompile Include="GUI\RobotParametersGuiLayer.cpp">
      <Filter>Source Files</Filter>
    </ClCompile>
    <ClCompile Include="Scene\Obstacle.cpp">
      <Filter>Source Files</Filter>
    </ClCompile>
    <ClCompile Include="Behaviors\Mouse\BaseMouseBehaviorLayer.cpp">
      <Filter>Source Files</Filter>
    </ClCompile>
    <ClCompile Include="DataLayers\Scene\SceneDataLayer.cpp">
      <Filter>Source Files</Filter>
    </ClCompile>
    <ClCompile Include="DataLayers\MainDataLayer.cpp">
      <Filter>Source Files</Filter>
    </ClCompile>
    <ClCompile Include="DataLayers\ViewportDataLayer.cpp">
      <Filter>Source Files</Filter>
    </ClCompile>
    <ClCompile Include="GUI\BaseGuiLayer.cpp">
      <Filter>Source Files</Filter>
    </ClCompile>
    <ClCompile Include="GUI\MainGuiLayer.cpp">
      <Filter>Source Files</Filter>
    </ClCompile>
    <ClCompile Include="Behaviors\Mouse\EditingObstacleMouseBehaviorLayer.cpp">
      <Filter>Source Files</Filter>
    </ClCompile>
    <ClCompile Include="Behaviors\Mouse\MainMouseBehaviorLayer.cpp">
      <Filter>Source Files</Filter>
    </ClCompile>
    <ClCompile Include="GUI\ObstacleListGuiLayer.cpp">
      <Filter>Source Files</Filter>
    </ClCompile>
    <ClCompile Include="Behaviors\Keyboard\BaseKeyboardBehaviorLayer.cpp">
      <Filter>Source Files</Filter>
    </ClCompile>
    <ClCompile Include="Behaviors\Keyboard\MainKeyboardBehaviorLayer.cpp">
      <Filter>Source Files</Filter>
    </ClCompile>
    <ClCompile Include="DataLayers\AppStateDataLayer.cpp">
      <Filter>Source Files</Filter>
    </ClCompile>
    <ClCompile Include="Scene\RobotArm.cpp">
      <Filter>Source Files</Filter>
    </ClCompile>
    <ClCompile Include="Behaviors\Mouse\RobotConfigurationMouseBehaviorLayer.cpp">
      <Filter>Source Files</Filter>
    </ClCompile>
    <ClCompile Include="Scene\RobotArmConfiguration.cpp">
      <Filter>Source Files</Filter>
    </ClCompile>
    <ClCompile Include="DataLayers\Scene\ObstacleCollection.cpp">
      <Filter>Source Files</Filter>
    </ClCompile>
    <ClCompile Include="DataLayers\Scene\RobotParameterSpaceDrawer.cpp">
      <Filter>Source Files</Filter>
    </ClCompile>
    <ClCompile Include="DataLayers\Scene\CollisionDetector.cpp">
      <Filter>Source Files</Filter>
    </ClCompile>
    <ClCompile Include="DataLayers\Scene\RobotParameterSpaceVectorFieldCalculator.cpp">
      <Filter>Source Files</Filter>
    </ClCompile>
    <ClCompile Include="DataLayers\SimulationDataLayer.cpp">
      <Filter>Source Files</Filter>
    </ClCompile>
    <ClCompile Include="GUI\SimulationParametersGuiLayer.cpp">
      <Filter>Source Files</Filter>
    </ClCompile>
  </ItemGroup>
  <ItemGroup>
    <ClInclude Include="GUI\ViewportGuiLayer.h">
      <Filter>Header Files</Filter>
    </ClInclude>
    <ClInclude Include="KinematicPathFinderApp.h">
      <Filter>Header Files</Filter>
    </ClInclude>
    <ClInclude Include="GUI\AppStateGuiLayer.h">
      <Filter>Header Files</Filter>
    </ClInclude>
    <ClInclude Include="GUI\RobotParametersGuiLayer.h">
      <Filter>Header Files</Filter>
    </ClInclude>
    <ClInclude Include="Scene\Obstacle.h">
      <Filter>Header Files</Filter>
    </ClInclude>
    <ClInclude Include="Behaviors\Mouse\BaseMouseBehaviorLayer.h">
      <Filter>Header Files</Filter>
    </ClInclude>
    <ClInclude Include="DataLayers\MainDataLayer.h">
      <Filter>Header Files</Filter>
    </ClInclude>
    <ClInclude Include="DataLayers\Scene\SceneDataLayer.h">
      <Filter>Header Files</Filter>
    </ClInclude>
    <ClInclude Include="DataLayers\ViewportDataLayer.h">
      <Filter>Header Files</Filter>
    </ClInclude>
    <ClInclude Include="GUI\BaseGuiLayer.h">
      <Filter>Header Files</Filter>
    </ClInclude>
    <ClInclude Include="GUI\MainGuiLayer.h">
      <Filter>Header Files</Filter>
    </ClInclude>
    <ClInclude Include="Behaviors\Mouse\EditingObstacleMouseBehaviorLayer.h">
      <Filter>Header Files</Filter>
    </ClInclude>
    <ClInclude Include="Behaviors\Mouse\MainMouseBehaviorLayer.h">
      <Filter>Header Files</Filter>
    </ClInclude>
    <ClInclude Include="GUI\ObstacleListGuiLayer.h">
      <Filter>Header Files</Filter>
    </ClInclude>
    <ClInclude Include="Behaviors\Keyboard\BaseKeyboardBehaviorLayer.h">
      <Filter>Header Files</Filter>
    </ClInclude>
    <ClInclude Include="Behaviors\Keyboard\MainKeyboardBehaviorLayer.h">
      <Filter>Header Files</Filter>
    </ClInclude>
    <ClInclude Include="DataLayers\AppStateDataLayer.h">
      <Filter>Header Files</Filter>
    </ClInclude>
    <ClInclude Include="Scene\RobotArm.h">
      <Filter>Header Files</Filter>
    </ClInclude>
    <ClInclude Include="Behaviors\Mouse\RobotConfigurationMouseBehaviorLayer.h">
      <Filter>Header Files</Filter>
    </ClInclude>
    <ClInclude Include="Scene\RobotArmConfiguration.h">
      <Filter>Header Files</Filter>
    </ClInclude>
    <ClInclude Include="DataLayers\Scene\ObstacleCollection.h">
      <Filter>Header Files</Filter>
    </ClInclude>
    <ClInclude Include="DataLayers\Scene\RobotParameterSpaceDrawer.h">
      <Filter>Header Files</Filter>
    </ClInclude>
    <ClInclude Include="DataLayers\Scene\CollisionDetector.h">
      <Filter>Header Files</Filter>
    </ClInclude>
    <ClInclude Include="DataLayers\Scene\RobotParameterSpaceVectorFieldCalculator.h">
      <Filter>Header Files</Filter>
    </ClInclude>
    <ClInclude Include="DataLayers\SimulationDataLayer.h">
      <Filter>Header Files</Filter>
    </ClInclude>
    <ClInclude Include="GUI\SimulationParametersGuiLayer.h">
      <Filter>Header Files</Filter>
    </ClInclude>
  </ItemGroup>
  <ItemGroup>
    <FxCompile Include="Resources\Shaders\Obstacle\obstacle_vs.hlsl" />
    <FxCompile Include="Resources\Shaders\Obstacle\obstacle_ps.hlsl" />
    <FxCompile Include="Resources\Shaders\Robot\robot_arm_vs.hlsl" />
    <FxCompile Include="Resources\Shaders\Robot\robot_arm_ps.hlsl" />
  </ItemGroup>
</Project>