<?xml version="1.0" encoding="utf-8"?>
<Project ToolsVersion="4.0" xmlns="http://schemas.microsoft.com/developer/msbuild/2003">
  <ItemGroup>
    <Filter Include="Source Files">
      <UniqueIdentifier>{4FC737F1-C7A5-4376-A066-2A32D752A2FF}</UniqueIdentifier>
      <Extensions>cpp;c;cc;cxx;c++;cppm;ixx;def;odl;idl;hpj;bat;asm;asmx</Extensions>
    </Filter>
    <Filter Include="Header Files">
      <UniqueIdentifier>{93995380-89BD-4b04-88EB-625FBE52EBFB}</UniqueIdentifier>
      <Extensions>h;hh;hpp;hxx;h++;hm;inl;inc;ipp;xsd</Extensions>
    </Filter>
    <Filter Include="Resource Files">
      <UniqueIdentifier>{67DA6AB6-F800-4c08-8B7A-83BB121AAD01}</UniqueIdentifier>
      <Extensions>rc;ico;cur;bmp;dlg;rc2;rct;bin;rgs;gif;jpg;jpeg;jpe;resx;tiff;tif;png;wav;mfcribbon-ms</Extensions>
    </Filter>
  </ItemGroup>
  <ItemGroup>
    <ClInclude Include="ApplicationCAD.h">
      <Filter>Header Files</Filter>
    </ClInclude>
    <ClInclude Include="GUI\MainGuiLayer.h">
      <Filter>Header Files</Filter>
    </ClInclude>
    <ClInclude Include="ViewModels\MainViewModel.h">
      <Filter>Header Files</Filter>
    </ClInclude>
    <ClInclude Include="ViewModels\ViewportViewModel.h">
      <Filter>Header Files</Filter>
    </ClInclude>
    <ClInclude Include="Scene\SceneCAD.h">
      <Filter>Header Files</Filter>
    </ClInclude>
    <ClInclude Include="Scene\SceneObjectCAD.h">
      <Filter>Header Files</Filter>
    </ClInclude>
    <ClInclude Include="Objects\CAD\Torus.h">
      <Filter>Header Files</Filter>
    </ClInclude>
    <ClInclude Include="AppState.h">
      <Filter>Header Files</Filter>
    </ClInclude>
    <ClInclude Include="ViewModels\AppStateViewModel.h">
      <Filter>Header Files</Filter>
    </ClInclude>
    <ClInclude Include="ViewModels\ObjectListViewModel.h">
      <Filter>Header Files</Filter>
    </ClInclude>
    <ClInclude Include="AxisLock.h">
      <Filter>Header Files</Filter>
    </ClInclude>
    <ClInclude Include="Objects\Additional\Cube.h">
      <Filter>Header Files</Filter>
    </ClInclude>
    <ClInclude Include="Visitors\AbstractVisitor.h">
      <Filter>Header Files</Filter>
    </ClInclude>
    <ClInclude Include="GUI\AppState\AppStateGuiLayer.h">
      <Filter>Header Files</Filter>
    </ClInclude>
    <ClInclude Include="GUI\BaseGuiLayer.h">
      <Filter>Header Files</Filter>
    </ClInclude>
    <ClInclude Include="GUI\Properties\PropertiesGuiLayer.h">
      <Filter>Header Files</Filter>
    </ClInclude>
    <ClInclude Include="GUI\Properties\PerformanceGuiLayer.h">
      <Filter>Header Files</Filter>
    </ClInclude>
    <ClInclude Include="GUI\Viewport\ViewportGuiLayer.h">
      <Filter>Header Files</Filter>
    </ClInclude>
    <ClInclude Include="GUI\Console\ConsoleGuiLayer.h">
      <Filter>Header Files</Filter>
    </ClInclude>
    <ClInclude Include="GUI\ObjectList\ObjectListGuiLayer.h">
      <Filter>Header Files</Filter>
    </ClInclude>
    <ClInclude Include="Scene\CompositeSceneObject.h">
      <Filter>Header Files</Filter>
    </ClInclude>
    <ClInclude Include="ViewModels\PropertiesViewModel.h">
      <Filter>Header Files</Filter>
    </ClInclude>
    <ClInclude Include="GUI\Properties\ObjectGuiDrawerVisitor.h">
      <Filter>Header Files</Filter>
    </ClInclude>
    <ClInclude Include="Components\TransformComponent.h">
      <Filter>Header Files</Filter>
    </ClInclude>
    <ClInclude Include="Objects\Additional\Grid.h">
      <Filter>Header Files</Filter>
    </ClInclude>
    <ClInclude Include="Raycasting\Ray.h">
      <Filter>Header Files</Filter>
    </ClInclude>
    <ClInclude Include="Raycasting\RayIntersectionVisitor.h">
      <Filter>Header Files</Filter>
    </ClInclude>
    <ClInclude Include="Raycasting\RayFactory.h">
      <Filter>Header Files</Filter>
    </ClInclude>
    <ClInclude Include="GUI\ObjectList\ObjectCreationGuiLayer.h">
      <Filter>Header Files</Filter>
    </ClInclude>
    <ClInclude Include="Objects\Additional\Cursor.h">
      <Filter>Header Files</Filter>
    </ClInclude>
    <ClInclude Include="GUI\Cursor\CursorGuiLayer.h">
      <Filter>Header Files</Filter>
    </ClInclude>
    <ClInclude Include="ViewModels\CursorViewModel.h">
      <Filter>Header Files</Filter>
    </ClInclude>
    <ClInclude Include="Behaviors\Mouse\BaseMouseBehaviorLayer.h">
      <Filter>Header Files</Filter>
    </ClInclude>
    <ClInclude Include="Behaviors\Mouse\MainMouseBehaviorLayer.h">
      <Filter>Header Files</Filter>
    </ClInclude>
    <ClInclude Include="Behaviors\Mouse\Action\ActionMouseBehaviorLayer.h">
      <Filter>Header Files</Filter>
    </ClInclude>
    <ClInclude Include="Behaviors\Mouse\Selection\SelectionMouseBehaviorLayer.h">
      <Filter>Header Files</Filter>
    </ClInclude>
    <ClInclude Include="Behaviors\Mouse\Camera\CameraMouseBehaviorLayer.h">
      <Filter>Header Files</Filter>
    </ClInclude>
    <ClInclude Include="Behaviors\Keyboard\BaseKeyboardBehaviorLayer.h">
      <Filter>Header Files</Filter>
    </ClInclude>
    <ClInclude Include="Behaviors\Keyboard\MainKeyboardBehaviorLayer.h">
      <Filter>Header Files</Filter>
    </ClInclude>
    <ClInclude Include="Behaviors\Keyboard\Camera\CameraKeyboardBehaviorLayer.h">
      <Filter>Header Files</Filter>
    </ClInclude>
    <ClInclude Include="Behaviors\Keyboard\Multiselect\MultiselectKeyboardBehaviorLayer.h">
      <Filter>Header Files</Filter>
    </ClInclude>
    <ClInclude Include="Behaviors\Keyboard\AxisLock\AxisLockKeyboardBehaviorLayer.h">
      <Filter>Header Files</Filter>
    </ClInclude>
    <ClInclude Include="Behaviors\Keyboard\AppState\AppStateHeyboardBehaviorLayer.h">
      <Filter>Header Files</Filter>
    </ClInclude>
    <ClInclude Include="Objects\CAD\Point.h">
      <Filter>Header Files</Filter>
    </ClInclude>
    <ClInclude Include="Objects\CAD\PointBased\PointBasedObjectCAD.h">
      <Filter>Header Files</Filter>
    </ClInclude>
  </ItemGroup>
  <ItemGroup>
    <ClCompile Include="ApplicationCAD.cpp">
      <Filter>Source Files</Filter>
    </ClCompile>
    <ClCompile Include="GUI\MainGuiLayer.cpp">
      <Filter>Source Files</Filter>
    </ClCompile>
    <ClCompile Include="Scene\SceneCAD.cpp">
      <Filter>Source Files</Filter>
    </ClCompile>
    <ClCompile Include="Scene\SceneObjectCAD.cpp">
      <Filter>Source Files</Filter>
    </ClCompile>
    <ClCompile Include="Objects\CAD\Torus.cpp">
      <Filter>Source Files</Filter>
    </ClCompile>
    <ClCompile Include="Objects\Additional\Cube.cpp">
      <Filter>Source Files</Filter>
    </ClCompile>
    <ClCompile Include="Visitors\AbstractVisitor.cpp">
      <Filter>Source Files</Filter>
    </ClCompile>
    <ClCompile Include="GUI\AppState\AppStateGuiLayer.cpp">
      <Filter>Source Files</Filter>
    </ClCompile>
    <ClCompile Include="GUI\Properties\PropertiesGuiLayer.cpp">
      <Filter>Source Files</Filter>
    </ClCompile>
    <ClCompile Include="GUI\Properties\PerformanceGuiLayer.cpp">
      <Filter>Source Files</Filter>
    </ClCompile>
    <ClCompile Include="GUI\Viewport\ViewportGuiLayer.cpp">
      <Filter>Source Files</Filter>
    </ClCompile>
    <ClCompile Include="GUI\Console\ConsoleGuiLayer.cpp">
      <Filter>Source Files</Filter>
    </ClCompile>
    <ClCompile Include="GUI\ObjectList\ObjectListGuiLayer.cpp">
      <Filter>Source Files</Filter>
    </ClCompile>
    <ClCompile Include="Scene\CompositeSceneObject.cpp">
      <Filter>Source Files</Filter>
    </ClCompile>
    <ClCompile Include="ViewModels\MainViewModel.cpp">
      <Filter>Source Files</Filter>
    </ClCompile>
    <ClCompile Include="GUI\Properties\ObjectGuiDrawerVisitor.cpp">
      <Filter>Source Files</Filter>
    </ClCompile>
    <ClCompile Include="Objects\Additional\Grid.cpp">
      <Filter>Source Files</Filter>
    </ClCompile>
    <ClCompile Include="Raycasting\RayIntersectionVisitor.cpp">
      <Filter>Source Files</Filter>
    </ClCompile>
    <ClCompile Include="Raycasting\RayFactory.cpp">
      <Filter>Source Files</Filter>
    </ClCompile>
    <ClCompile Include="GUI\ObjectList\ObjectCreationGuiLayer.cpp">
      <Filter>Source Files</Filter>
    </ClCompile>
    <ClCompile Include="Objects\Additional\Cursor.cpp">
      <Filter>Source Files</Filter>
    </ClCompile>
    <ClCompile Include="ViewModels\AppStateViewModel.cpp">
      <Filter>Source Files</Filter>
    </ClCompile>
    <ClCompile Include="GUI\Cursor\CursorGuiLayer.cpp">
      <Filter>Source Files</Filter>
    </ClCompile>
    <ClCompile Include="Behaviors\Mouse\MainMouseBehaviorLayer.cpp">
      <Filter>Source Files</Filter>
    </ClCompile>
    <ClCompile Include="Behaviors\Mouse\Action\ActionMouseBehaviorLayer.cpp">
      <Filter>Source Files</Filter>
    </ClCompile>
    <ClCompile Include="Behaviors\Mouse\BaseMouseBehaviorLayer.cpp">
      <Filter>Source Files</Filter>
    </ClCompile>
    <ClCompile Include="Behaviors\Mouse\Selection\SelectionMouseBehaviorLayer.cpp">
      <Filter>Source Files</Filter>
    </ClCompile>
    <ClCompile Include="Behaviors\Mouse\Camera\CameraMouseBehaviorLayer.cpp">
      <Filter>Source Files</Filter>
    </ClCompile>
    <ClCompile Include="Behaviors\Keyboard\BaseKeyboardBehaviorLayer.cpp">
      <Filter>Source Files</Filter>
    </ClCompile>
    <ClCompile Include="Behaviors\Keyboard\MainKeyboardBehaviorLayer.cpp">
      <Filter>Source Files</Filter>
    </ClCompile>
    <ClCompile Include="Behaviors\Keyboard\Camera\CameraKeyboardBehaviorLayer.cpp">
      <Filter>Source Files</Filter>
    </ClCompile>
    <ClCompile Include="Behaviors\Keyboard\Multiselect\MultiselectKeyboardBehaviorLayer.cpp">
      <Filter>Source Files</Filter>
    </ClCompile>
    <ClCompile Include="Behaviors\Keyboard\AxisLock\AxisLockKeyboardBehaviorLayer.cpp">
      <Filter>Source Files</Filter>
    </ClCompile>
    <ClCompile Include="Behaviors\Keyboard\AppState\AppStateHeyboardBehaviorLayer.cpp">
      <Filter>Source Files</Filter>
    </ClCompile>
    <ClCompile Include="Objects\CAD\Point.cpp">
      <Filter>Source Files</Filter>
    </ClCompile>
    <ClCompile Include="Objects\CAD\PointBased\PointBasedObjectCAD.cpp">
      <Filter>Source Files</Filter>
    </ClCompile>
  </ItemGroup>
  <ItemGroup>
    <FxCompile Include="Resources\Shaders\Torus\torus_instanced_vs.hlsl" />
    <FxCompile Include="Resources\Shaders\Torus\torus_instanced_hs.hlsl" />
    <FxCompile Include="Resources\Shaders\Torus\torus_instanced_ds.hlsl" />
    <FxCompile Include="Resources\Shaders\Torus\torus_instanced_ps.hlsl" />
    <FxCompile Include="Resources\Shaders\Cube\cube_vs.hlsl" />
    <FxCompile Include="Resources\Shaders\Cube\cube_ps.hlsl" />
    <FxCompile Include="Resources\Shaders\Grid\grid_vs.hlsl" />
    <FxCompile Include="Resources\Shaders\Grid\grid_ps.hlsl" />
    <FxCompile Include="Resources\Shaders\Cursor\cursor_vs.hlsl" />
    <FxCompile Include="Resources\Shaders\Cursor\cursor_ps.hlsl" />
    <FxCompile Include="Resources\Shaders\Point\point_vs.hlsl" />
    <FxCompile Include="Resources\Shaders\Point\point_ps.hlsl" />
  </ItemGroup>
</Project>