<?xml version="1.0" encoding="utf-8"?>
<Project ToolsVersion="4.0" xmlns="http://schemas.microsoft.com/developer/msbuild/2003">
  <ItemGroup>
    <Filter Include="Source Files">
      <UniqueIdentifier>{4FC737F1-C7A5-4376-A066-2A32D752A2FF}</UniqueIdentifier>
      <Extensions>cpp;c;cc;cxx;c++;cppm;ixx;def;odl;idl;hpj;bat;asm;asmx</Extensions>
    </Filter>
    <Filter Include="Header Files">
      <UniqueIdentifier>{93995380-89BD-4b04-88EB-625FBE52EBFB}</UniqueIdentifier>
      <Extensions>h;hh;hpp;hxx;h++;hm;inl;inc;ipp;xsd</Extensions>
    </Filter>
    <Filter Include="Resource Files">
      <UniqueIdentifier>{67DA6AB6-F800-4c08-8B7A-83BB121AAD01}</UniqueIdentifier>
      <Extensions>rc;ico;cur;bmp;dlg;rc2;rct;bin;rgs;gif;jpg;jpeg;jpe;resx;tiff;tif;png;wav;mfcribbon-ms</Extensions>
    </Filter>
  </ItemGroup>
  <ItemGroup>
    <ClInclude Include="Applications\CAD\ApplicationCAD.h">
      <Filter>Header Files</Filter>
    </ClInclude>
    <ClInclude Include="Applications\CAD\GUI\MainGuiLayerCAD.h">
      <Filter>Header Files</Filter>
    </ClInclude>
    <ClInclude Include="Applications\CAD\DataLayers\MainDataLayerCAD.h">
      <Filter>Header Files</Filter>
    </ClInclude>
    <ClInclude Include="Applications\CAD\Scene\SceneCAD.h">
      <Filter>Header Files</Filter>
    </ClInclude>
    <ClInclude Include="Applications\CAD\Scene\SceneObjectCAD.h">
      <Filter>Header Files</Filter>
    </ClInclude>
    <ClInclude Include="Applications\CAD\Objects\Torus.h">
      <Filter>Header Files</Filter>
    </ClInclude>
    <ClInclude Include="Applications\CAD\AppState.h">
      <Filter>Header Files</Filter>
    </ClInclude>
    <ClInclude Include="Applications\CAD\DataLayers\AppStateDataLayerCAD.h">
      <Filter>Header Files</Filter>
    </ClInclude>
    <ClInclude Include="Applications\CAD\AxisLock.h">
      <Filter>Header Files</Filter>
    </ClInclude>
    <ClInclude Include="Applications\CAD\Visitors\AbstractVisitor.h">
      <Filter>Header Files</Filter>
    </ClInclude>
    <ClInclude Include="Applications\CAD\GUI\AppState\AppStateGuiLayer.h">
      <Filter>Header Files</Filter>
    </ClInclude>
    <ClInclude Include="Applications\Shared\GUI\BaseGuiLayer.h">
      <Filter>Header Files</Filter>
    </ClInclude>
    <ClInclude Include="Applications\CAD\GUI\Properties\PropertiesGuiLayer.h">
      <Filter>Header Files</Filter>
    </ClInclude>
    <ClInclude Include="Applications\Shared\GUI\Performance\PerformanceGuiLayer.h">
      <Filter>Header Files</Filter>
    </ClInclude>
    <ClInclude Include="Applications\CAD\GUI\Viewport\ViewportGuiLayerCAD.h">
      <Filter>Header Files</Filter>
    </ClInclude>
    <ClInclude Include="Applications\Shared\GUI\Console\ConsoleGuiLayer.h">
      <Filter>Header Files</Filter>
    </ClInclude>
    <ClInclude Include="Applications\CAD\GUI\ObjectList\ObjectListGuiLayer.h">
      <Filter>Header Files</Filter>
    </ClInclude>
    <ClInclude Include="Applications\CAD\DataLayers\SceneDataLayerCAD.h">
      <Filter>Header Files</Filter>
    </ClInclude>
    <ClInclude Include="Applications\CAD\Visitors\ObjectGui\ObjectGuiDrawerVisitor.h">
      <Filter>Header Files</Filter>
    </ClInclude>
    <ClInclude Include="Applications\CAD\Components\TransformComponent.h">
      <Filter>Header Files</Filter>
    </ClInclude>
    <ClInclude Include="Applications\Shared\Objects\Grid.h">
      <Filter>Header Files</Filter>
    </ClInclude>
    <ClInclude Include="Applications\CAD\Raycasting\Ray.h">
      <Filter>Header Files</Filter>
    </ClInclude>
    <ClInclude Include="Applications\CAD\Visitors\RayIntersection\RayIntersectionVisitor.h">
      <Filter>Header Files</Filter>
    </ClInclude>
    <ClInclude Include="Applications\CAD\Raycasting\RayFactory.h">
      <Filter>Header Files</Filter>
    </ClInclude>
    <ClInclude Include="Applications\CAD\GUI\ObjectList\ObjectCreationGuiLayer.h">
      <Filter>Header Files</Filter>
    </ClInclude>
    <ClInclude Include="Applications\Shared\Objects\Cursor.h">
      <Filter>Header Files</Filter>
    </ClInclude>
    <ClInclude Include="Applications\CAD\GUI\Cursor\CursorGuiLayer.h">
      <Filter>Header Files</Filter>
    </ClInclude>
    <ClInclude Include="Applications\Shared\Behaviors\Mouse\BaseMouseBehaviorLayer.h">
      <Filter>Header Files</Filter>
    </ClInclude>
    <ClInclude Include="Applications\CAD\Behaviors\Mouse\MainMouseBehaviorLayerCAD.h">
      <Filter>Header Files</Filter>
    </ClInclude>
    <ClInclude Include="Applications\CAD\Behaviors\Mouse\Action\ActionMouseBehaviorLayer.h">
      <Filter>Header Files</Filter>
    </ClInclude>
    <ClInclude Include="Applications\CAD\Behaviors\Mouse\Selection\SelectionMouseBehaviorLayer.h">
      <Filter>Header Files</Filter>
    </ClInclude>
    <ClInclude Include="Applications\CAD\Behaviors\Mouse\Camera\CameraMouseBehaviorLayerCAD.h">
      <Filter>Header Files</Filter>
    </ClInclude>
    <ClInclude Include="Applications\Shared\Behaviors\Keyboard\BaseKeyboardBehaviorLayer.h">
      <Filter>Header Files</Filter>
    </ClInclude>
    <ClInclude Include="Applications\CAD\Behaviors\Keyboard\MainKeyboardBehaviorLayerCAD.h">
      <Filter>Header Files</Filter>
    </ClInclude>
    <ClInclude Include="Applications\CAD\Behaviors\Keyboard\Camera\CameraKeyboardBehaviorLayer.h">
      <Filter>Header Files</Filter>
    </ClInclude>
    <ClInclude Include="Applications\CAD\Behaviors\Keyboard\Multiselect\MultiselectKeyboardBehaviorLayer.h">
      <Filter>Header Files</Filter>
    </ClInclude>
    <ClInclude Include="Applications\CAD\Behaviors\Keyboard\AxisLock\AxisLockKeyboardBehaviorLayer.h">
      <Filter>Header Files</Filter>
    </ClInclude>
    <ClInclude Include="Applications\CAD\Behaviors\Keyboard\AppState\AppStateHeyboardBehaviorLayer.h">
      <Filter>Header Files</Filter>
    </ClInclude>
    <ClInclude Include="Applications\CAD\Objects\Point.h">
      <Filter>Header Files</Filter>
    </ClInclude>
    <ClInclude Include="Applications\CAD\Objects\PointBased\PointBasedObjectCAD.h">
      <Filter>Header Files</Filter>
    </ClInclude>
    <ClInclude Include="Applications\CAD\Visitors\Selection\ObjectSelectVisitor.h">
      <Filter>Header Files</Filter>
    </ClInclude>
    <ClInclude Include="Applications\CAD\Visitors\Selection\ObjectUnselectVisitor.h">
      <Filter>Header Files</Filter>
    </ClInclude>
    <ClInclude Include="Applications\CAD\Visitors\Deletion\ObjectDeletionVisitor.h">
      <Filter>Header Files</Filter>
    </ClInclude>
    <ClInclude Include="Applications\CAD\Visitors\Transform\ApplyGroupTransformVisitor.h">
      <Filter>Header Files</Filter>
    </ClInclude>
    <ClInclude Include="Applications\CAD\Visitors\Selection\BaseObjectSelectionVisitor.h">
      <Filter>Header Files</Filter>
    </ClInclude>
    <ClInclude Include="Applications\CAD\GUI\MenuBar\MenuBarGuiLayerCAD.h">
      <Filter>Header Files</Filter>
    </ClInclude>
    <ClInclude Include="Applications\CAD\Objects\PointBased\Curve\BezierCurveC0.h">
      <Filter>Header Files</Filter>
    </ClInclude>
    <ClInclude Include="Applications\CAD\Actions\TransformAction.h">
      <Filter>Header Files</Filter>
    </ClInclude>
    <ClInclude Include="Applications\CAD\Selection\TransformSelectionSystem.h">
      <Filter>Header Files</Filter>
    </ClInclude>
    <ClInclude Include="Applications\CAD\Actions\TransformActionList.h">
      <Filter>Header Files</Filter>
    </ClInclude>
    <ClInclude Include="Applications\CAD\Selection\ManualSelectionSystem.h">
      <Filter>Header Files</Filter>
    </ClInclude>
    <ClInclude Include="Applications\CAD\Selection\BaseSelectionSystem.h">
      <Filter>Header Files</Filter>
    </ClInclude>
    <ClInclude Include="Applications\CAD\Visitors\Validation\BaseValidationVisitor.h">
      <Filter>Header Files</Filter>
    </ClInclude>
    <ClInclude Include="Applications\CAD\Visitors\Validation\ControlPointValidationVisitor.h">
      <Filter>Header Files</Filter>
    </ClInclude>
    <ClInclude Include="Applications\CAD\Visitors\Transform\UpdateTransformVisitor.h">
      <Filter>Header Files</Filter>
    </ClInclude>
    <ClInclude Include="Applications\CAD\Behaviors\Keyboard\Shortcuts\ShortcutsKeyboardBehaviorLayer.h">
      <Filter>Header Files</Filter>
    </ClInclude>
    <ClInclude Include="Applications\CAD\Visitors\Validation\CanAddControlPointValidationVisitor.h">
      <Filter>Header Files</Filter>
    </ClInclude>
    <ClInclude Include="Applications\CAD\Visitors\PointBased\PointAddedVisitor.h">
      <Filter>Header Files</Filter>
    </ClInclude>
    <ClInclude Include="Applications\CAD\Objects\PointBased\Curve\BezierCurveC2.h">
      <Filter>Header Files</Filter>
    </ClInclude>
    <ClInclude Include="Applications\CAD\Objects\PointBased\Curve\BaseCurve.h">
      <Filter>Header Files</Filter>
    </ClInclude>
    <ClInclude Include="Applications\CAD\Objects\PointBased\Curve\YukselInterpolatingCurveC2.h">
      <Filter>Header Files</Filter>
    </ClInclude>
    <ClInclude Include="Applications\CAD\Visitors\PointBased\PointRemovedVisitor.h">
      <Filter>Header Files</Filter>
    </ClInclude>
    <ClInclude Include="Applications\CAD\Visitors\PointBased\BasePointActionVisitor.h">
      <Filter>Header Files</Filter>
    </ClInclude>
    <ClInclude Include="Applications\CAD\Objects\PointBased\Surfaces\BaseBezierPatch.h">
      <Filter>Header Files</Filter>
    </ClInclude>
    <ClInclude Include="Applications\CAD\Objects\PointBased\Surfaces\BezierPatchC0.h">
      <Filter>Header Files</Filter>
    </ClInclude>
    <ClInclude Include="Applications\CAD\Objects\PointBased\Surfaces\BezierPatchC2.h">
      <Filter>Header Files</Filter>
    </ClInclude>
    <ClInclude Include="Applications\CAD\Objects\PointBased\Surfaces\BaseBezierSurface.h">
      <Filter>Header Files</Filter>
    </ClInclude>
    <ClInclude Include="Applications\CAD\Objects\PointBased\Surfaces\BezierSurfaceC0.h">
      <Filter>Header Files</Filter>
    </ClInclude>
    <ClInclude Include="Applications\CAD\Objects\PointBased\Surfaces\BezierSurfaceC2.h">
      <Filter>Header Files</Filter>
    </ClInclude>
    <ClInclude Include="Applications\CAD\Visitors\Serialization\SerializationVisitor.h">
      <Filter>Header Files</Filter>
    </ClInclude>
    <ClInclude Include="Applications\CAD\Serializing\SceneSerializer.h">
      <Filter>Header Files</Filter>
    </ClInclude>
    <ClInclude Include="Applications\CAD\Visitors\Validation\IntersectionEligibilityValidationVisitor.h">
      <Filter>Header Files</Filter>
    </ClInclude>
    <ClInclude Include="Applications\CAD\GUI\Intersection\IntersectionGuiLayer.h">
      <Filter>Header Files</Filter>
    </ClInclude>
    <ClInclude Include="Applications\CAD\Visitors\Intersection\CalculatorParameterized.h">
      <Filter>Header Files</Filter>
    </ClInclude>
    <ClInclude Include="Applications\CAD\Visitors\Intersection\CalculatorPointOnSurface.h">
      <Filter>Header Files</Filter>
    </ClInclude>
    <ClInclude Include="Applications\CAD\Visitors\Intersection\CalculatorPartialDerivativeU.h">
      <Filter>Header Files</Filter>
    </ClInclude>
    <ClInclude Include="Applications\CAD\Visitors\Intersection\CalculatorPartialDerivativeV.h">
      <Filter>Header Files</Filter>
    </ClInclude>
    <ClInclude Include="Applications\CAD\Visitors\Intersection\CalculatorNormalVector.h">
      <Filter>Header Files</Filter>
    </ClInclude>
    <ClInclude Include="Applications\CAD\Intersection\BaseIntersectionAlgorithm.h">
      <Filter>Header Files</Filter>
    </ClInclude>
    <ClInclude Include="Applications\CAD\Intersection\IntersectionAlgorithmParameters.h">
      <Filter>Header Files</Filter>
    </ClInclude>
    <ClInclude Include="Applications\CAD\Intersection\SelfIntersectionAlgorithm.h">
      <Filter>Header Files</Filter>
    </ClInclude>
    <ClInclude Include="Applications\CAD\Intersection\MultiIntersectionAlgorithm.h">
      <Filter>Header Files</Filter>
    </ClInclude>
    <ClInclude Include="Applications\CAD\Visitors\Intersection\ParameterWrapperVisitor.h">
      <Filter>Header Files</Filter>
    </ClInclude>
    <ClInclude Include="Applications\CAD\Intersection\Structures\IntersectionStructures.h">
      <Filter>Header Files</Filter>
    </ClInclude>
    <ClInclude Include="Applications\CAD\Intersection\InitialCommonPoint\AbstractInitialCommonPointFinder.h">
      <Filter>Header Files</Filter>
    </ClInclude>
    <ClInclude Include="Applications\CAD\Intersection\InitialCommonPoint\LinearApproximationCommonPointFinder.h">
      <Filter>Header Files</Filter>
    </ClInclude>
    <ClInclude Include="Applications\CAD\Intersection\InitialCommonPoint\SteepestDescentCommonPointFinder.h">
      <Filter>Header Files</Filter>
    </ClInclude>
    <ClInclude Include="Applications\CAD\Intersection\CommonPointMarching\MarchingDirection.h">
      <Filter>Header Files</Filter>
    </ClInclude>
    <ClInclude Include="Applications\CAD\Intersection\CommonPointMarching\AbstractCommonPointMarching.h">
      <Filter>Header Files</Filter>
    </ClInclude>
    <ClInclude Include="Applications\CAD\Intersection\Sampler\ISampler.h">
      <Filter>Header Files</Filter>
    </ClInclude>
    <ClInclude Include="Applications\CAD\Intersection\CommonPointMarching\NewtonCommonPointMarching.h">
      <Filter>Header Files</Filter>
    </ClInclude>
    <ClInclude Include="Applications\CAD\Intersection\Structures\StartingCommonPointResult.h">
      <Filter>Header Files</Filter>
    </ClInclude>
    <ClInclude Include="Applications\CAD\Intersection\Structures\NextCommonPointResult.h">
      <Filter>Header Files</Filter>
    </ClInclude>
    <ClInclude Include="Applications\CAD\Intersection\Structures\CommonPointSequenceResult.h">
      <Filter>Header Files</Filter>
    </ClInclude>
    <ClInclude Include="Applications\CAD\Intersection\Structures\PointMappingResult.h">
      <Filter>Header Files</Filter>
    </ClInclude>
    <ClInclude Include="Applications\CAD\Intersection\Structures\ParameterWrapResult.h">
      <Filter>Header Files</Filter>
    </ClInclude>
    <ClInclude Include="Applications\CAD\Intersection\Structures\IntersectionResult.h">
      <Filter>Header Files</Filter>
    </ClInclude>
    <ClInclude Include="Applications\CAD\Intersection\Structures\LoopResult.h">
      <Filter>Header Files</Filter>
    </ClInclude>
    <ClInclude Include="Applications\CAD\Objects\Intersection\IntersectionCurve.h">
      <Filter>Header Files</Filter>
    </ClInclude>
    <ClInclude Include="Applications\CAD\Objects\Intersection\IntersectionPoint.h">
      <Filter>Header Files</Filter>
    </ClInclude>
    <ClInclude Include="Applications\CAD\Objects\ParameterizedObject2D.h">
      <Filter>Header Files</Filter>
    </ClInclude>
    <ClInclude Include="Applications\CAD\Visitors\Transform\AfterUpdateTransformVisitor.h">
      <Filter>Header Files</Filter>
    </ClInclude>
    <ClInclude Include="Applications\CAD\Intersection\LoopDetectors\AbstractLoopDetector.h">
      <Filter>Header Files</Filter>
    </ClInclude>
    <ClInclude Include="Applications\CAD\Intersection\Sampler\VisitorSampler.h">
      <Filter>Header Files</Filter>
    </ClInclude>
    <ClInclude Include="Applications\CAD\Intersection\LoopDetectors\DotProductLoopDetector.h">
      <Filter>Header Files</Filter>
    </ClInclude>
    <ClInclude Include="Applications\CAD\Visitors\Intersection\CalculatorParameterShortestDistance.h">
      <Filter>Header Files</Filter>
    </ClInclude>
    <ClInclude Include="Applications\CAD\Filters\FilterInfo.h">
      <Filter>Header Files</Filter>
    </ClInclude>
    <ClInclude Include="Applications\CAD\Visitors\Validation\FilterValidationVisitor.h">
      <Filter>Header Files</Filter>
    </ClInclude>
    <ClInclude Include="Applications\CAD\Intersection\LoopDetectors\ShortestDistanceLoopDetector.h">
      <Filter>Header Files</Filter>
    </ClInclude>
    <ClInclude Include="Applications\CAD\GUI\BaseGuiLayerCAD.h">
      <Filter>Header Files</Filter>
    </ClInclude>
    <ClInclude Include="Applications\CAD\Behaviors\Keyboard\BaseKeyboardBehaviorLayerCAD.h">
      <Filter>Header Files</Filter>
    </ClInclude>
    <ClInclude Include="Applications\CAD\Behaviors\Mouse\BaseMouseBehaviorLayerCAD.h">
      <Filter>Header Files</Filter>
    </ClInclude>
    <ClInclude Include="Applications\Switcher\ApplicationSwitcher.h">
      <Filter>Header Files</Filter>
    </ClInclude>
    <ClInclude Include="Applications\Switcher\DataLayers\MainDataLayerSwitcher.h">
      <Filter>Header Files</Filter>
    </ClInclude>
    <ClInclude Include="Applications\Switcher\GUI\MainGuiLayerSwitcher.h">
      <Filter>Header Files</Filter>
    </ClInclude>
    <ClInclude Include="Applications\Switcher\GUI\TabSwitch\TabSwitchGuiLayer.h">
      <Filter>Header Files</Filter>
    </ClInclude>
    <ClInclude Include="Applications\Switcher\GUI\BaseGuiLayerSwitcher.h">
      <Filter>Header Files</Filter>
    </ClInclude>
    <ClInclude Include="Applications\CNC\ApplicationCNC.h">
      <Filter>Header Files</Filter>
    </ClInclude>
    <ClInclude Include="Applications\CNC\GUI\BaseGuiLayerCNC.h">
      <Filter>Header Files</Filter>
    </ClInclude>
    <ClInclude Include="Applications\CNC\DataLayers\MainDataLayerCNC.h">
      <Filter>Header Files</Filter>
    </ClInclude>
    <ClInclude Include="Applications\CNC\GUI\MainGuiLayerCNC.h">
      <Filter>Header Files</Filter>
    </ClInclude>
    <ClInclude Include="Applications\CNC\GUI\PathList\PathListGuiLayerCNC.h">
      <Filter>Header Files</Filter>
    </ClInclude>
    <ClInclude Include="Applications\CNC\DataLayers\PathList\PathListDataLayer.h">
      <Filter>Header Files</Filter>
    </ClInclude>
    <ClInclude Include="Applications\CNC\GUI\MenuBar\MenuBarGuiLayerCNC.h">
      <Filter>Header Files</Filter>
    </ClInclude>
    <ClInclude Include="Applications\CNC\GUI\StartingParameters\StartingParametersGuiLayer.h">
      <Filter>Header Files</Filter>
    </ClInclude>
    <ClInclude Include="Applications\CNC\GUI\SimulationParameters\SimulationParametersGuiLayer.h">
      <Filter>Header Files</Filter>
    </ClInclude>
    <ClInclude Include="Applications\CNC\GUI\Viewport\ViewportGuiLayerCNC.h">
      <Filter>Header Files</Filter>
    </ClInclude>
    <ClInclude Include="Applications\Shared\DataLayers\ViewportDataLayer.h">
      <Filter>Header Files</Filter>
    </ClInclude>
    <ClInclude Include="Applications\CNC\Behaviors\Mouse\BaseMouseBehaviorLayerCNC.h">
      <Filter>Header Files</Filter>
    </ClInclude>
    <ClInclude Include="Applications\CNC\Behaviors\Mouse\MainMouseBehaviorLayerCNC.h">
      <Filter>Header Files</Filter>
    </ClInclude>
    <ClInclude Include="Applications\CNC\Behaviors\Mouse\Camera\CameraMouseBehaviorLayerCNC.h">
      <Filter>Header Files</Filter>
    </ClInclude>
    <ClInclude Include="Applications\CNC\Objects\MaterialBlock\MaterialBlock.h">
      <Filter>Header Files</Filter>
    </ClInclude>
    <ClInclude Include="Applications\CNC\DataLayers\CameraDataLayerCNC.h">
      <Filter>Header Files</Filter>
    </ClInclude>
    <ClInclude Include="Applications\CNC\Objects\MaterialBlock\Mesh\MaterialBlockTopMesh.h">
      <Filter>Header Files</Filter>
    </ClInclude>
    <ClInclude Include="Applications\CNC\Objects\MaterialBlock\Mesh\MaterialBlockSidesMesh.h">
      <Filter>Header Files</Filter>
    </ClInclude>
    <ClInclude Include="Applications\CNC\Objects\Tools\MillingTool.h">
      <Filter>Header Files</Filter>
    </ClInclude>
    <ClInclude Include="Applications\CNC\Objects\Tools\FlatMillingTool.h">
      <Filter>Header Files</Filter>
    </ClInclude>
    <ClInclude Include="Applications\CNC\Objects\Tools\SphericalMillingTool.h">
      <Filter>Header Files</Filter>
    </ClInclude>
    <ClInclude Include="Applications\CNC\Objects\MaterialBlock\MaterialBlockParameters.h">
      <Filter>Header Files</Filter>
    </ClInclude>
    <ClInclude Include="Applications\CNC\Objects\Tools\MillingToolParameters.h">
      <Filter>Header Files</Filter>
    </ClInclude>
    <ClInclude Include="Applications\CNC\Factories\MillingTool\MillingToolFactory.h">
      <Filter>Header Files</Filter>
    </ClInclude>
    <ClInclude Include="Applications\CNC\Factories\MillingTool\FlatMillingToolFactory.h">
      <Filter>Header Files</Filter>
    </ClInclude>
    <ClInclude Include="Applications\CNC\Factories\MillingTool\SphericalMillingToolFactory.h">
      <Filter>Header Files</Filter>
    </ClInclude>
    <ClInclude Include="Applications\CNC\Factories\MillingTool\MainMillingToolFactory.h">
      <Filter>Header Files</Filter>
    </ClInclude>
    <ClInclude Include="Applications\CNC\DataLayers\Simulation\SimulationDataLayerCNC.h">
      <Filter>Header Files</Filter>
    </ClInclude>
    <ClInclude Include="Applications\CNC\Simulator\MaterialBlockCutter.h">
      <Filter>Header Files</Filter>
    </ClInclude>
    <ClInclude Include="Applications\CNC\Simulator\Algorithms\CyrusBeckClippingAlgorithm.h">
      <Filter>Header Files</Filter>
    </ClInclude>
    <ClInclude Include="Applications\CNC\Simulator\Algorithms\BresenhamAlgorithm.h">
      <Filter>Header Files</Filter>
    </ClInclude>
    <ClInclude Include="Applications\CNC\Simulator\MillingSimulator.h">
      <Filter>Header Files</Filter>
    </ClInclude>
    <ClInclude Include="Applications\CNC\Simulator\MillingSimulatorWorkerThread.h">
      <Filter>Header Files</Filter>
    </ClInclude>
    <ClInclude Include="Applications\CNC\Simulator\MillingValidation.h">
      <Filter>Header Files</Filter>
    </ClInclude>
    <ClInclude Include="Applications\CNC\Simulator\MoveValidation\ToolMoveValidationError.h">
      <Filter>Header Files</Filter>
    </ClInclude>
    <ClInclude Include="Applications\CNC\Simulator\MoveValidation\ValidationLayers\AbstractToolMoveValidationLayer.h">
      <Filter>Header Files</Filter>
    </ClInclude>
    <ClInclude Include="Applications\CNC\Simulator\MoveValidation\ToolMoveValidationAggregator.h">
      <Filter>Header Files</Filter>
    </ClInclude>
    <ClInclude Include="Applications\CNC\Simulator\MoveValidation\ValidationLayers\AnyContactToolMoveValidationLayer.h">
      <Filter>Header Files</Filter>
    </ClInclude>
    <ClInclude Include="Applications\CNC\Simulator\MoveValidation\ValidationLayers\VerticalMovementToolMoveValidationLayer.h">
      <Filter>Header Files</Filter>
    </ClInclude>
    <ClInclude Include="Applications\CNC\Simulator\ToolCut.h">
      <Filter>Header Files</Filter>
    </ClInclude>
    <ClInclude Include="Applications\CNC\Simulator\MoveValidation\ValidationLayers\ToolImmersionToolMoveValidationLayer.h">
      <Filter>Header Files</Filter>
    </ClInclude>
    <ClInclude Include="Applications\CNC\Simulator\MoveValidation\ValidationLayers\NonMillingPartToolMoveValidationLayer.h">
      <Filter>Header Files</Filter>
    </ClInclude>
    <ClInclude Include="Applications\CNC\Objects\Tools\Visitors\MillingToolVisitor.h">
      <Filter>Header Files</Filter>
    </ClInclude>
    <ClInclude Include="Applications\CNC\Objects\Tools\Visitors\ValidationAggregatorFactoryMillingToolVisitor.h">
      <Filter>Header Files</Filter>
    </ClInclude>
  </ItemGroup>
  <ItemGroup>
    <ClCompile Include="Applications\CAD\ApplicationCAD.cpp">
      <Filter>Source Files</Filter>
    </ClCompile>
    <ClCompile Include="Applications\CAD\GUI\MainGuiLayerCAD.cpp">
      <Filter>Source Files</Filter>
    </ClCompile>
    <ClCompile Include="Applications\CAD\Scene\SceneCAD.cpp">
      <Filter>Source Files</Filter>
    </ClCompile>
    <ClCompile Include="Applications\CAD\Scene\SceneObjectCAD.cpp">
      <Filter>Source Files</Filter>
    </ClCompile>
    <ClCompile Include="Applications\CAD\Objects\Torus.cpp">
      <Filter>Source Files</Filter>
    </ClCompile>
    <ClCompile Include="Applications\CAD\Visitors\AbstractVisitor.cpp">
      <Filter>Source Files</Filter>
    </ClCompile>
    <ClCompile Include="Applications\CAD\GUI\AppState\AppStateGuiLayer.cpp">
      <Filter>Source Files</Filter>
    </ClCompile>
    <ClCompile Include="Applications\CAD\GUI\Properties\PropertiesGuiLayer.cpp">
      <Filter>Source Files</Filter>
    </ClCompile>
    <ClCompile Include="Applications\Shared\GUI\Performance\PerformanceGuiLayer.cpp">
      <Filter>Source Files</Filter>
    </ClCompile>
    <ClCompile Include="Applications\CAD\GUI\Viewport\ViewportGuiLayerCAD.cpp">
      <Filter>Source Files</Filter>
    </ClCompile>
    <ClCompile Include="Applications\Shared\GUI\Console\ConsoleGuiLayer.cpp">
      <Filter>Source Files</Filter>
    </ClCompile>
    <ClCompile Include="Applications\CAD\GUI\ObjectList\ObjectListGuiLayer.cpp">
      <Filter>Source Files</Filter>
    </ClCompile>
    <ClCompile Include="Applications\CAD\Visitors\ObjectGui\ObjectGuiDrawerVisitor.cpp">
      <Filter>Source Files</Filter>
    </ClCompile>
    <ClCompile Include="Applications\Shared\Objects\Grid.cpp">
      <Filter>Source Files</Filter>
    </ClCompile>
    <ClCompile Include="Applications\CAD\Visitors\RayIntersection\RayIntersectionVisitor.cpp">
      <Filter>Source Files</Filter>
    </ClCompile>
    <ClCompile Include="Applications\CAD\Raycasting\RayFactory.cpp">
      <Filter>Source Files</Filter>
    </ClCompile>
    <ClCompile Include="Applications\CAD\GUI\ObjectList\ObjectCreationGuiLayer.cpp">
      <Filter>Source Files</Filter>
    </ClCompile>
    <ClCompile Include="Applications\Shared\Objects\Cursor.cpp">
      <Filter>Source Files</Filter>
    </ClCompile>
    <ClCompile Include="Applications\CAD\DataLayers\AppStateDataLayerCAD.cpp">
      <Filter>Source Files</Filter>
    </ClCompile>
    <ClCompile Include="Applications\CAD\GUI\Cursor\CursorGuiLayer.cpp">
      <Filter>Source Files</Filter>
    </ClCompile>
    <ClCompile Include="Applications\CAD\Behaviors\Mouse\MainMouseBehaviorLayerCAD.cpp">
      <Filter>Source Files</Filter>
    </ClCompile>
    <ClCompile Include="Applications\CAD\Behaviors\Mouse\Action\ActionMouseBehaviorLayer.cpp">
      <Filter>Source Files</Filter>
    </ClCompile>
    <ClCompile Include="Applications\CAD\Behaviors\Mouse\Selection\SelectionMouseBehaviorLayer.cpp">
      <Filter>Source Files</Filter>
    </ClCompile>
    <ClCompile Include="Applications\CAD\Behaviors\Mouse\Camera\CameraMouseBehaviorLayerCAD.cpp">
      <Filter>Source Files</Filter>
    </ClCompile>
    <ClCompile Include="Applications\Shared\Behaviors\Keyboard\BaseKeyboardBehaviorLayer.cpp">
      <Filter>Source Files</Filter>
    </ClCompile>
    <ClCompile Include="Applications\CAD\Behaviors\Keyboard\MainKeyboardBehaviorLayerCAD.cpp">
      <Filter>Source Files</Filter>
    </ClCompile>
    <ClCompile Include="Applications\CAD\Behaviors\Keyboard\Camera\CameraKeyboardBehaviorLayer.cpp">
      <Filter>Source Files</Filter>
    </ClCompile>
    <ClCompile Include="Applications\CAD\Behaviors\Keyboard\Multiselect\MultiselectKeyboardBehaviorLayer.cpp">
      <Filter>Source Files</Filter>
    </ClCompile>
    <ClCompile Include="Applications\CAD\Behaviors\Keyboard\AxisLock\AxisLockKeyboardBehaviorLayer.cpp">
      <Filter>Source Files</Filter>
    </ClCompile>
    <ClCompile Include="Applications\CAD\Behaviors\Keyboard\AppState\AppStateHeyboardBehaviorLayer.cpp">
      <Filter>Source Files</Filter>
    </ClCompile>
    <ClCompile Include="Applications\CAD\Objects\Point.cpp">
      <Filter>Source Files</Filter>
    </ClCompile>
    <ClCompile Include="Applications\CAD\Objects\PointBased\PointBasedObjectCAD.cpp">
      <Filter>Source Files</Filter>
    </ClCompile>
    <ClCompile Include="Applications\CAD\Visitors\Selection\ObjectSelectVisitor.cpp">
      <Filter>Source Files</Filter>
    </ClCompile>
    <ClCompile Include="Applications\CAD\Visitors\Selection\ObjectUnselectVisitor.cpp">
      <Filter>Source Files</Filter>
    </ClCompile>
    <ClCompile Include="Applications\CAD\Visitors\Deletion\ObjectDeletionVisitor.cpp">
      <Filter>Source Files</Filter>
    </ClCompile>
    <ClCompile Include="Applications\CAD\Components\TransformComponent.cpp">
      <Filter>Source Files</Filter>
    </ClCompile>
    <ClCompile Include="Applications\CAD\Visitors\Transform\ApplyGroupTransformVisitor.cpp">
      <Filter>Source Files</Filter>
    </ClCompile>
    <ClCompile Include="Applications\CAD\Visitors\Selection\BaseObjectSelectionVisitor.cpp">
      <Filter>Source Files</Filter>
    </ClCompile>
    <ClCompile Include="Applications\CAD\GUI\MenuBar\MenuBarGuiLayerCAD.cpp">
      <Filter>Source Files</Filter>
    </ClCompile>
    <ClCompile Include="Applications\CAD\Objects\PointBased\Curve\BezierCurveC0.cpp">
      <Filter>Source Files</Filter>
    </ClCompile>
    <ClCompile Include="Applications\CAD\Selection\TransformSelectionSystem.cpp">
      <Filter>Source Files</Filter>
    </ClCompile>
    <ClCompile Include="Applications\CAD\Actions\TransformActionList.cpp">
      <Filter>Source Files</Filter>
    </ClCompile>
    <ClCompile Include="Applications\CAD\Selection\ManualSelectionSystem.cpp">
      <Filter>Source Files</Filter>
    </ClCompile>
    <ClCompile Include="Applications\CAD\Selection\BaseSelectionSystem.cpp">
      <Filter>Source Files</Filter>
    </ClCompile>
    <ClCompile Include="Applications\CAD\Visitors\Validation\BaseValidationVisitor.cpp">
      <Filter>Source Files</Filter>
    </ClCompile>
    <ClCompile Include="Applications\CAD\Visitors\Validation\ControlPointValidationVisitor.cpp">
      <Filter>Source Files</Filter>
    </ClCompile>
    <ClCompile Include="Applications\CAD\Visitors\Transform\UpdateTransformVisitor.cpp">
      <Filter>Source Files</Filter>
    </ClCompile>
    <ClCompile Include="Applications\CAD\Behaviors\Keyboard\Shortcuts\ShortcutsKeyboardBehaviorLayer.cpp">
      <Filter>Source Files</Filter>
    </ClCompile>
    <ClCompile Include="Applications\CAD\Visitors\Validation\CanAddControlPointValidationVisitor.cpp">
      <Filter>Source Files</Filter>
    </ClCompile>
    <ClCompile Include="Applications\CAD\Visitors\PointBased\PointAddedVisitor.cpp">
      <Filter>Source Files</Filter>
    </ClCompile>
    <ClCompile Include="Applications\CAD\Objects\PointBased\Curve\BezierCurveC2.cpp">
      <Filter>Source Files</Filter>
    </ClCompile>
    <ClCompile Include="Applications\CAD\Objects\PointBased\Curve\BaseCurve.cpp">
      <Filter>Source Files</Filter>
    </ClCompile>
    <ClCompile Include="Applications\CAD\Objects\PointBased\Curve\YukselInterpolatingCurveC2.cpp">
      <Filter>Source Files</Filter>
    </ClCompile>
    <ClCompile Include="Applications\CAD\Visitors\PointBased\PointRemovedVisitor.cpp">
      <Filter>Source Files</Filter>
    </ClCompile>
    <ClCompile Include="Applications\CAD\Visitors\PointBased\BasePointActionVisitor.cpp">
      <Filter>Source Files</Filter>
    </ClCompile>
    <ClCompile Include="Applications\CAD\Objects\PointBased\Surfaces\BaseBezierPatch.cpp">
      <Filter>Source Files</Filter>
    </ClCompile>
    <ClCompile Include="Applications\CAD\Objects\PointBased\Surfaces\BezierPatchC0.cpp">
      <Filter>Source Files</Filter>
    </ClCompile>
    <ClCompile Include="Applications\CAD\Objects\PointBased\Surfaces\BezierPatchC2.cpp">
      <Filter>Source Files</Filter>
    </ClCompile>
    <ClCompile Include="Applications\CAD\Objects\PointBased\Surfaces\BaseBezierSurface.cpp">
      <Filter>Source Files</Filter>
    </ClCompile>
    <ClCompile Include="Applications\CAD\Objects\PointBased\Surfaces\BezierSurfaceC0.cpp">
      <Filter>Source Files</Filter>
    </ClCompile>
    <ClCompile Include="Applications\CAD\Objects\PointBased\Surfaces\BezierSurfaceC2.cpp">
      <Filter>Source Files</Filter>
    </ClCompile>
    <ClCompile Include="Applications\CAD\Visitors\Serialization\SerializationVisitor.cpp">
      <Filter>Source Files</Filter>
    </ClCompile>
    <ClCompile Include="Applications\CAD\Serializing\SceneSerializer.cpp">
      <Filter>Source Files</Filter>
    </ClCompile>
    <ClCompile Include="Applications\CAD\Visitors\Validation\IntersectionEligibilityValidationVisitor.cpp">
      <Filter>Source Files</Filter>
    </ClCompile>
    <ClCompile Include="Applications\CAD\GUI\Intersection\IntersectionGuiLayer.cpp">
      <Filter>Source Files</Filter>
    </ClCompile>
    <ClCompile Include="Applications\CAD\Visitors\Intersection\CalculatorParameterized.cpp">
      <Filter>Source Files</Filter>
    </ClCompile>
    <ClCompile Include="Applications\CAD\Visitors\Intersection\CalculatorPointOnSurface.cpp">
      <Filter>Source Files</Filter>
    </ClCompile>
    <ClCompile Include="Applications\CAD\Visitors\Intersection\CalculatorPartialDerivativeU.cpp">
      <Filter>Source Files</Filter>
    </ClCompile>
    <ClCompile Include="Applications\CAD\Visitors\Intersection\CalculatorPartialDerivativeV.cpp">
      <Filter>Source Files</Filter>
    </ClCompile>
    <ClCompile Include="Applications\CAD\Visitors\Intersection\CalculatorNormalVector.cpp">
      <Filter>Source Files</Filter>
    </ClCompile>
    <ClCompile Include="Applications\CAD\Intersection\BaseIntersectionAlgorithm.cpp">
      <Filter>Source Files</Filter>
    </ClCompile>
    <ClCompile Include="Applications\CAD\Intersection\SelfIntersectionAlgorithm.cpp">
      <Filter>Source Files</Filter>
    </ClCompile>
    <ClCompile Include="Applications\CAD\Intersection\MultiIntersectionAlgorithm.cpp">
      <Filter>Source Files</Filter>
    </ClCompile>
    <ClCompile Include="Applications\CAD\Visitors\Intersection\ParameterWrapperVisitor.cpp">
      <Filter>Source Files</Filter>
    </ClCompile>
    <ClCompile Include="Applications\CAD\Intersection\InitialCommonPoint\AbstractInitialCommonPointFinder.cpp">
      <Filter>Source Files</Filter>
    </ClCompile>
    <ClCompile Include="Applications\CAD\Intersection\InitialCommonPoint\LinearApproximationCommonPointFinder.cpp">
      <Filter>Source Files</Filter>
    </ClCompile>
    <ClCompile Include="Applications\CAD\Intersection\InitialCommonPoint\SteepestDescentCommonPointFinder.cpp">
      <Filter>Source Files</Filter>
    </ClCompile>
    <ClCompile Include="Applications\CAD\Intersection\CommonPointMarching\AbstractCommonPointMarching.cpp">
      <Filter>Source Files</Filter>
    </ClCompile>
    <ClCompile Include="Applications\CAD\Intersection\CommonPointMarching\NewtonCommonPointMarching.cpp">
      <Filter>Source Files</Filter>
    </ClCompile>
    <ClCompile Include="Applications\CAD\Objects\ParameterizedObject2D.cpp">
      <Filter>Source Files</Filter>
    </ClCompile>
    <ClCompile Include="Applications\CAD\Objects\Intersection\IntersectionCurve.cpp">
      <Filter>Source Files</Filter>
    </ClCompile>
    <ClCompile Include="Applications\CAD\Visitors\Transform\AfterUpdateTransformVisitor.cpp">
      <Filter>Source Files</Filter>
    </ClCompile>
    <ClCompile Include="Applications\CAD\Intersection\Sampler\VisitorSampler.cpp">
      <Filter>Source Files</Filter>
    </ClCompile>
    <ClCompile Include="Applications\CAD\Intersection\LoopDetectors\DotProductLoopDetector.cpp">
      <Filter>Source Files</Filter>
    </ClCompile>
    <ClCompile Include="Applications\CAD\Visitors\Intersection\CalculatorParameterShortestDistance.cpp">
      <Filter>Source Files</Filter>
    </ClCompile>
    <ClCompile Include="Applications\CAD\Visitors\Validation\FilterValidationVisitor.cpp">
      <Filter>Source Files</Filter>
    </ClCompile>
    <ClCompile Include="Applications\CAD\Filters\FilterInfo.cpp">
      <Filter>Source Files</Filter>
    </ClCompile>
    <ClCompile Include="Applications\CAD\Intersection\LoopDetectors\ShortestDistanceLoopDetector.cpp">
      <Filter>Source Files</Filter>
    </ClCompile>
    <ClCompile Include="Applications\CAD\GUI\BaseGuiLayerCAD.cpp">
      <Filter>Source Files</Filter>
    </ClCompile>
    <ClCompile Include="Applications\CAD\Behaviors\Keyboard\BaseKeyboardBehaviorLayerCAD.cpp">
      <Filter>Source Files</Filter>
    </ClCompile>
    <ClCompile Include="Applications\CAD\Behaviors\Mouse\BaseMouseBehaviorLayerCAD.cpp">
      <Filter>Source Files</Filter>
    </ClCompile>
    <ClCompile Include="main.cpp">
      <Filter>Source Files</Filter>
    </ClCompile>
    <ClCompile Include="Applications\Switcher\ApplicationSwitcher.cpp">
      <Filter>Source Files</Filter>
    </ClCompile>
    <ClCompile Include="Applications\Switcher\DataLayers\MainDataLayerSwitcher.cpp">
      <Filter>Source Files</Filter>
    </ClCompile>
    <ClCompile Include="Applications\Switcher\GUI\MainGuiLayerSwitcher.cpp">
      <Filter>Source Files</Filter>
    </ClCompile>
    <ClCompile Include="Applications\Switcher\GUI\BaseGuiLayerSwitcher.cpp">
      <Filter>Source Files</Filter>
    </ClCompile>
    <ClCompile Include="Applications\Switcher\GUI\TabSwitch\TabSwitchGuiLayer.cpp">
      <Filter>Source Files</Filter>
    </ClCompile>
    <ClCompile Include="Applications\CNC\ApplicationCNC.cpp">
      <Filter>Source Files</Filter>
    </ClCompile>
    <ClCompile Include="Applications\CNC\GUI\BaseGuiLayerCNC.cpp">
      <Filter>Source Files</Filter>
    </ClCompile>
    <ClCompile Include="Applications\CNC\GUI\MainGuiLayerCNC.cpp">
      <Filter>Source Files</Filter>
    </ClCompile>
    <ClCompile Include="Applications\CNC\GUI\PathList\PathListGuiLayerCNC.cpp">
      <Filter>Source Files</Filter>
    </ClCompile>
    <ClCompile Include="Applications\CNC\GUI\MenuBar\MenuBarGuiLayerCNC.cpp">
      <Filter>Source Files</Filter>
    </ClCompile>
    <ClCompile Include="Applications\CNC\GUI\StartingParameters\StartingParametersGuiLayer.cpp">
      <Filter>Source Files</Filter>
    </ClCompile>
    <ClCompile Include="Applications\CNC\GUI\SimulationParameters\SimulationParametersGuiLayer.cpp">
      <Filter>Source Files</Filter>
    </ClCompile>
    <ClCompile Include="Applications\CNC\GUI\Viewport\ViewportGuiLayerCNC.cpp">
      <Filter>Source Files</Filter>
    </ClCompile>
    <ClCompile Include="Applications\Shared\DataLayers\ViewportDataLayer.cpp">
      <Filter>Source Files</Filter>
    </ClCompile>
    <ClCompile Include="Applications\CNC\Behaviors\Mouse\BaseMouseBehaviorLayerCNC.cpp">
      <Filter>Source Files</Filter>
    </ClCompile>
    <ClCompile Include="Applications\CNC\Behaviors\Mouse\MainMouseBehaviorLayerCNC.cpp">
      <Filter>Source Files</Filter>
    </ClCompile>
    <ClCompile Include="Applications\CNC\Behaviors\Mouse\Camera\CameraMouseBehaviorLayerCNC.cpp">
      <Filter>Source Files</Filter>
    </ClCompile>
    <ClCompile Include="Applications\CNC\Objects\MaterialBlock\MaterialBlock.cpp">
      <Filter>Source Files</Filter>
    </ClCompile>
    <ClCompile Include="Applications\CNC\Objects\MaterialBlock\Mesh\MaterialBlockTopMesh.cpp">
      <Filter>Source Files</Filter>
    </ClCompile>
    <ClCompile Include="Applications\CNC\Objects\Tools\MillingTool.cpp">
      <Filter>Source Files</Filter>
    </ClCompile>
    <ClCompile Include="Applications\CNC\Objects\Tools\FlatMillingTool.cpp">
      <Filter>Source Files</Filter>
    </ClCompile>
    <ClCompile Include="Applications\CNC\Objects\Tools\SphericalMillingTool.cpp">
      <Filter>Source Files</Filter>
    </ClCompile>
    <ClCompile Include="Applications\CNC\Objects\MaterialBlock\MaterialBlockParameters.cpp">
      <Filter>Source Files</Filter>
    </ClCompile>
    <ClCompile Include="Applications\CNC\Objects\Tools\MillingToolParameters.cpp">
      <Filter>Source Files</Filter>
    </ClCompile>
    <ClCompile Include="Applications\CNC\PathProgram.h">
      <Filter>Source Files</Filter>
    </ClCompile>
    <ClCompile Include="Applications\CNC\PathProgram.cpp">
      <Filter>Source Files</Filter>
    </ClCompile>
    <ClCompile Include="Applications\CNC\Factories\MillingTool\FlatMillingToolFactory.cpp">
      <Filter>Source Files</Filter>
    </ClCompile>
    <ClCompile Include="Applications\CNC\Factories\MillingTool\SphericalMillingToolFactory.cpp">
      <Filter>Source Files</Filter>
    </ClCompile>
    <ClCompile Include="Applications\CNC\Factories\MillingTool\MainMillingToolFactory.cpp">
      <Filter>Source Files</Filter>
    </ClCompile>
    <ClCompile Include="Applications\CNC\DataLayers\Simulation\SimulationDataLayerCNC.cpp">
      <Filter>Source Files</Filter>
    </ClCompile>
    <ClCompile Include="Applications\CNC\Simulator\MaterialBlockCutter.cpp">
      <Filter>Source Files</Filter>
    </ClCompile>
    <ClCompile Include="Applications\CNC\Simulator\Algorithms\CyrusBeckClippingAlgorithm.cpp">
      <Filter>Source Files</Filter>
    </ClCompile>
    <ClCompile Include="Applications\CNC\Objects\MaterialBlock\Mesh\MaterialBlockSidesMesh.cpp">
      <Filter>Source Files</Filter>
    </ClCompile>
    <ClCompile Include="Applications\CNC\Simulator\Algorithms\BresenhamAlgorithm.cpp">
      <Filter>Source Files</Filter>
    </ClCompile>
    <ClCompile Include="Applications\CNC\Simulator\MillingSimulator.cpp">
      <Filter>Source Files</Filter>
    </ClCompile>
    <ClCompile Include="Applications\CNC\Simulator\MillingSimulatorWorkerThread.cpp">
      <Filter>Source Files</Filter>
    </ClCompile>
    <ClCompile Include="Applications\CNC\Simulator\MoveValidation\ToolMoveValidationAggregator.cpp">
      <Filter>Source Files</Filter>
    </ClCompile>
    <ClCompile Include="Applications\CNC\Simulator\MoveValidation\ValidationLayers\AnyContactToolMoveValidationLayer.cpp">
      <Filter>Source Files</Filter>
    </ClCompile>
    <ClCompile Include="Applications\CNC\Simulator\MoveValidation\ValidationLayers\VerticalMovementToolMoveValidationLayer.cpp">
      <Filter>Source Files</Filter>
    </ClCompile>
    <ClCompile Include="Applications\CNC\Simulator\MoveValidation\ValidationLayers\ToolImmersionToolMoveValidationLayer.cpp">
      <Filter>Source Files</Filter>
    </ClCompile>
    <ClCompile Include="Applications\CNC\Simulator\MoveValidation\ValidationLayers\NonMillingPartToolMoveValidationLayer.cpp">
      <Filter>Source Files</Filter>
    </ClCompile>
    <ClCompile Include="Applications\CNC\Objects\Tools\Visitors\MillingToolVisitor.cpp">
      <Filter>Source Files</Filter>
    </ClCompile>
    <ClCompile Include="Applications\CNC\Objects\Tools\Visitors\ValidationAggregatorFactoryMillingToolVisitor.cpp">
      <Filter>Source Files</Filter>
    </ClCompile>
    <ClCompile Include="Applications\CNC\Simulator\MoveValidation\ValidationLayers\AbstractToolMoveValidationLayer.cpp">
      <Filter>Source Files</Filter>
    </ClCompile>
  </ItemGroup>
  <ItemGroup>
    <FxCompile Include="Resources\Shaders\Torus\torus_instanced_vs.hlsl" />
    <FxCompile Include="Resources\Shaders\Torus\torus_instanced_hs.hlsl" />
    <FxCompile Include="Resources\Shaders\Torus\torus_instanced_ds.hlsl" />
    <FxCompile Include="Resources\Shaders\Torus\torus_instanced_ps.hlsl" />
    <FxCompile Include="Resources\Shaders\Cube\cube_vs.hlsl" />
    <FxCompile Include="Resources\Shaders\Cube\cube_ps.hlsl" />
    <FxCompile Include="Resources\Shaders\Grid\grid_vs.hlsl" />
    <FxCompile Include="Resources\Shaders\Grid\grid_ps.hlsl" />
    <FxCompile Include="Resources\Shaders\Cursor\cursor_vs.hlsl" />
    <FxCompile Include="Resources\Shaders\Cursor\cursor_ps.hlsl" />
    <FxCompile Include="Resources\Shaders\Point\point_vs.hlsl" />
    <FxCompile Include="Resources\Shaders\Point\point_ps.hlsl" />
    <FxCompile Include="Resources\Shaders\PointBased\BezierCurveC0\bezier_curve_c0_vs.hlsl" />
    <FxCompile Include="Resources\Shaders\PointBased\BezierCurveC0\bezier_curve_c0_hs.hlsl" />
    <FxCompile Include="Resources\Shaders\PointBased\BezierCurveC0\bezier_curve_c0_ds.hlsl" />
    <FxCompile Include="Resources\Shaders\PointBased\BezierCurveC0\bezier_curve_c0_ps.hlsl" />
    <FxCompile Include="Resources\Shaders\PointBased\BezierCurveC0\bezier_curve_c0_border_gs.hlsl" />
    <FxCompile Include="Resources\Shaders\PointBased\BezierCurveC0\bezier_curve_c0_border_ps.hlsl" />
    <FxCompile Include="Resources\Shaders\PointBased\BezierCurveC2\bezier_curve_c2_ds.hlsl" />
    <FxCompile Include="Resources\Shaders\PointBased\BezierCurveC2\bezier_curve_c2_vs.hlsl" />
    <FxCompile Include="Resources\Shaders\PointBased\BezierCurveC2\bezier_curve_c2_hs.hlsl" />
    <FxCompile Include="Resources\Shaders\PointBased\BezierCurveC2\bezier_curve_c2_ps.hlsl" />
    <FxCompile Include="Resources\Shaders\PointBased\BezierCurveC2\bezier_curve_c2_border_bspline_gs.hlsl" />
    <FxCompile Include="Resources\Shaders\PointBased\BezierCurveC2\bezier_curve_c2_border_bernstein_gs.hlsl" />
    <FxCompile Include="Resources\Shaders\PointBased\BezierCurveC2\bezier_curve_c2_border_bernstein_ps.hlsl" />
    <FxCompile Include="Resources\Shaders\PointBased\BezierCurveC2\bezier_curve_c2_border_bspline_ps.hlsl" />
    <FxCompile Include="Resources\Shaders\PointBased\YukselCurveC2\yuksel_curve_c2_vs.hlsl" />
    <FxCompile Include="Resources\Shaders\PointBased\YukselCurveC2\yuksel_curve_c2_hs.hlsl" />
    <FxCompile Include="Resources\Shaders\PointBased\YukselCurveC2\yuksel_curve_c2_ps.hlsl" />
    <FxCompile Include="Resources\Shaders\PointBased\YukselCurveC2\yuksel_curve_c2_ds.hlsl" />
    <FxCompile Include="Resources\Shaders\PointBased\BezierPatchC0\bezier_patch_c0_vs.hlsl" />
    <FxCompile Include="Resources\Shaders\PointBased\BezierPatchC0\bezier_patch_c0_ps.hlsl" />
    <FxCompile Include="Resources\Shaders\PointBased\BezierPatchC0\bezier_patch_c0_hs.hlsl" />
    <FxCompile Include="Resources\Shaders\PointBased\BezierPatchC0\bezier_patch_c0_ds.hlsl" />
    <FxCompile Include="Resources\Shaders\PointBased\BezierPatchC2\bezier_patch_c2_ds.hlsl" />
    <FxCompile Include="Resources\Shaders\PointBased\BezierPatchC2\bezier_patch_c2_hs.hlsl" />
    <FxCompile Include="Resources\Shaders\PointBased\BezierPatchC2\bezier_patch_c2_ps.hlsl" />
    <FxCompile Include="Resources\Shaders\PointBased\BezierPatchC2\bezier_patch_c2_vs.hlsl" />
    <FxCompile Include="Resources\Shaders\PointBased\BezierPatchC0\bezier_patch_c0_polygon_gs.hlsl" />
    <FxCompile Include="Resources\Shaders\PointBased\BezierPatchC0\bezier_patch_c0_polygon_ps.hlsl" />
    <FxCompile Include="Resources\Shaders\PointBased\BezierPatchC2\bezier_patch_c2_polygon_ps.hlsl" />
    <FxCompile Include="Resources\Shaders\PointBased\BezierPatchC2\bezier_patch_c2_polygon_gs.hlsl" />
    <FxCompile Include="Resources\Shaders\IntersectionCurve\intersection_curve_vs.hlsl" />
    <FxCompile Include="Resources\Shaders\IntersectionCurve\intersection_curve_hs.hlsl" />
    <FxCompile Include="Resources\Shaders\IntersectionCurve\intersection_curve_ds.hlsl" />
    <FxCompile Include="Resources\Shaders\IntersectionCurve\intersection_curve_ps.hlsl" />
    <FxCompile Include="Resources\Shaders\Torus\Trimmed\torus_ds.hlsl" />
    <FxCompile Include="Resources\Shaders\Torus\Trimmed\torus_hs.hlsl" />
    <FxCompile Include="Resources\Shaders\Torus\Trimmed\torus_ps.hlsl" />
    <FxCompile Include="Resources\Shaders\Torus\Trimmed\torus_vs.hlsl" />
    <FxCompile Include="Resources\Shaders\PointBased\BezierPatchC0\Trimmed\bezier_patch_c0_ds.hlsl" />
    <FxCompile Include="Resources\Shaders\PointBased\BezierPatchC0\Trimmed\bezier_patch_c0_hs.hlsl" />
    <FxCompile Include="Resources\Shaders\PointBased\BezierPatchC0\Trimmed\bezier_patch_c0_ps.hlsl" />
    <FxCompile Include="Resources\Shaders\PointBased\BezierPatchC0\Trimmed\bezier_patch_c0_vs.hlsl" />
    <FxCompile Include="Resources\Shaders\PointBased\BezierPatchC2\Trimmed\bezier_patch_c2_ds.hlsl" />
    <FxCompile Include="Resources\Shaders\PointBased\BezierPatchC2\Trimmed\bezier_patch_c2_hs.hlsl" />
    <FxCompile Include="Resources\Shaders\PointBased\BezierPatchC2\Trimmed\bezier_patch_c2_ps.hlsl" />
    <FxCompile Include="Resources\Shaders\PointBased\BezierPatchC2\Trimmed\bezier_patch_c2_vs.hlsl" />
    <FxCompile Include="Resources\Shaders\MaterialBlock\material_block_vs.hlsl" />
    <FxCompile Include="Resources\Shaders\MaterialBlock\material_block_hs.hlsl" />
    <FxCompile Include="Resources\Shaders\MaterialBlock\material_block_ds.hlsl" />
    <FxCompile Include="Resources\Shaders\MaterialBlock\material_block_ps.hlsl" />
    <FxCompile Include="Resources\Shaders\MillingTool\Flat\flatTool_vs.hlsl" />
    <FxCompile Include="Resources\Shaders\MillingTool\Flat\flatTool_ps.hlsl" />
    <FxCompile Include="Resources\Shaders\MaterialBlock\material_block_sides_vs.hlsl" />
    <FxCompile Include="Resources\Shaders\MaterialBlock\material_block_sides_hs.hlsl" />
    <FxCompile Include="Resources\Shaders\MaterialBlock\material_block_sides_ds.hlsl" />
    <FxCompile Include="Resources\Shaders\MaterialBlock\material_block_sides_ps.hlsl" />
  </ItemGroup>
  <ItemGroup>
    <None Include="testfile.f14" />
  </ItemGroup>
  <ItemGroup>
    <Image Include="Resources\Textures\wood_light.jpg">
      <Filter>Resource Files</Filter>
    </Image>
    <Image Include="Resources\Textures\stone_heightmap.jpg">
      <Filter>Resource Files</Filter>
    </Image>
  </ItemGroup>
</Project>