<?xml version="1.0" encoding="utf-8"?>
<Project ToolsVersion="17.0" xmlns="http://schemas.microsoft.com/developer/msbuild/2003">
  <ItemGroup>
    <ClCompile Include="C:\Users\p.debski\Desktop\libnyquist-master\libnyquist\src\Common.cpp">
      <Filter>src</Filter>
    </ClCompile>
    <ClCompile Include="C:\Users\p.debski\Desktop\libnyquist-master\libnyquist\src\Encoders.cpp">
      <Filter>src</Filter>
    </ClCompile>
    <ClCompile Include="C:\Users\p.debski\Desktop\libnyquist-master\libnyquist\src\FlacDecoder.cpp">
      <Filter>src</Filter>
    </ClCompile>
    <ClCompile Include="C:\Users\p.debski\Desktop\libnyquist-master\libnyquist\src\FlacDependencies.c">
      <Filter>src</Filter>
    </ClCompile>
    <ClCompile Include="C:\Users\p.debski\Desktop\libnyquist-master\libnyquist\src\Mp3Decoder.cpp">
      <Filter>src</Filter>
    </ClCompile>
    <ClCompile Include="C:\Users\p.debski\Desktop\libnyquist-master\libnyquist\src\MusepackDecoder.cpp">
      <Filter>src</Filter>
    </ClCompile>
    <ClCompile Include="C:\Users\p.debski\Desktop\libnyquist-master\libnyquist\src\MusepackDependencies.c">
      <Filter>src</Filter>
    </ClCompile>
    <ClCompile Include="C:\Users\p.debski\Desktop\libnyquist-master\libnyquist\src\OpusDecoder.cpp">
      <Filter>src</Filter>
    </ClCompile>
    <ClCompile Include="C:\Users\p.debski\Desktop\libnyquist-master\libnyquist\src\OpusDependencies.c">
      <Filter>src</Filter>
    </ClCompile>
    <ClCompile Include="C:\Users\p.debski\Desktop\libnyquist-master\libnyquist\src\VorbisDecoder.cpp">
      <Filter>src</Filter>
    </ClCompile>
    <ClCompile Include="C:\Users\p.debski\Desktop\libnyquist-master\libnyquist\src\VorbisDependencies.c">
      <Filter>src</Filter>
    </ClCompile>
    <ClCompile Include="C:\Users\p.debski\Desktop\libnyquist-master\libnyquist\src\WavDecoder.cpp">
      <Filter>src</Filter>
    </ClCompile>
    <ClCompile Include="C:\Users\p.debski\Desktop\libnyquist-master\libnyquist\src\WavPackDecoder.cpp">
      <Filter>src</Filter>
    </ClCompile>
    <ClCompile Include="C:\Users\p.debski\Desktop\libnyquist-master\libnyquist\third_party\wavpack\src\common_utils.c">
      <Filter>Source Files</Filter>
    </ClCompile>
    <ClCompile Include="C:\Users\p.debski\Desktop\libnyquist-master\libnyquist\third_party\wavpack\src\decorr_utils.c">
      <Filter>Source Files</Filter>
    </ClCompile>
    <ClCompile Include="C:\Users\p.debski\Desktop\libnyquist-master\libnyquist\third_party\wavpack\src\entropy_utils.c">
      <Filter>Source Files</Filter>
    </ClCompile>
    <ClCompile Include="C:\Users\p.debski\Desktop\libnyquist-master\libnyquist\third_party\wavpack\src\extra1.c">
      <Filter>Source Files</Filter>
    </ClCompile>
    <ClCompile Include="C:\Users\p.debski\Desktop\libnyquist-master\libnyquist\third_party\wavpack\src\extra2.c">
      <Filter>Source Files</Filter>
    </ClCompile>
    <ClCompile Include="C:\Users\p.debski\Desktop\libnyquist-master\libnyquist\third_party\wavpack\src\open_filename.c">
      <Filter>Source Files</Filter>
    </ClCompile>
    <ClCompile Include="C:\Users\p.debski\Desktop\libnyquist-master\libnyquist\third_party\wavpack\src\open_legacy.c">
      <Filter>Source Files</Filter>
    </ClCompile>
    <ClCompile Include="C:\Users\p.debski\Desktop\libnyquist-master\libnyquist\third_party\wavpack\src\open_raw.c">
      <Filter>Source Files</Filter>
    </ClCompile>
    <ClCompile Include="C:\Users\p.debski\Desktop\libnyquist-master\libnyquist\third_party\wavpack\src\open_utils.c">
      <Filter>Source Files</Filter>
    </ClCompile>
    <ClCompile Include="C:\Users\p.debski\Desktop\libnyquist-master\libnyquist\third_party\wavpack\src\pack.c">
      <Filter>Source Files</Filter>
    </ClCompile>
    <ClCompile Include="C:\Users\p.debski\Desktop\libnyquist-master\libnyquist\third_party\wavpack\src\pack_dns.c">
      <Filter>Source Files</Filter>
    </ClCompile>
    <ClCompile Include="C:\Users\p.debski\Desktop\libnyquist-master\libnyquist\third_party\wavpack\src\pack_dsd.c">
      <Filter>Source Files</Filter>
    </ClCompile>
    <ClCompile Include="C:\Users\p.debski\Desktop\libnyquist-master\libnyquist\third_party\wavpack\src\pack_floats.c">
      <Filter>Source Files</Filter>
    </ClCompile>
    <ClCompile Include="C:\Users\p.debski\Desktop\libnyquist-master\libnyquist\third_party\wavpack\src\pack_utils.c">
      <Filter>Source Files</Filter>
    </ClCompile>
    <ClCompile Include="C:\Users\p.debski\Desktop\libnyquist-master\libnyquist\third_party\wavpack\src\read_words.c">
      <Filter>Source Files</Filter>
    </ClCompile>
    <ClCompile Include="C:\Users\p.debski\Desktop\libnyquist-master\libnyquist\third_party\wavpack\src\tag_utils.c">
      <Filter>Source Files</Filter>
    </ClCompile>
    <ClCompile Include="C:\Users\p.debski\Desktop\libnyquist-master\libnyquist\third_party\wavpack\src\tags.c">
      <Filter>Source Files</Filter>
    </ClCompile>
    <ClCompile Include="C:\Users\p.debski\Desktop\libnyquist-master\libnyquist\third_party\wavpack\src\unpack.c">
      <Filter>Source Files</Filter>
    </ClCompile>
    <ClCompile Include="C:\Users\p.debski\Desktop\libnyquist-master\libnyquist\third_party\wavpack\src\unpack3.c">
      <Filter>Source Files</Filter>
    </ClCompile>
    <ClCompile Include="C:\Users\p.debski\Desktop\libnyquist-master\libnyquist\third_party\wavpack\src\unpack3_open.c">
      <Filter>Source Files</Filter>
    </ClCompile>
    <ClCompile Include="C:\Users\p.debski\Desktop\libnyquist-master\libnyquist\third_party\wavpack\src\unpack3_seek.c">
      <Filter>Source Files</Filter>
    </ClCompile>
    <ClCompile Include="C:\Users\p.debski\Desktop\libnyquist-master\libnyquist\third_party\wavpack\src\unpack_dsd.c">
      <Filter>Source Files</Filter>
    </ClCompile>
    <ClCompile Include="C:\Users\p.debski\Desktop\libnyquist-master\libnyquist\third_party\wavpack\src\unpack_floats.c">
      <Filter>Source Files</Filter>
    </ClCompile>
    <ClCompile Include="C:\Users\p.debski\Desktop\libnyquist-master\libnyquist\third_party\wavpack\src\unpack_seek.c">
      <Filter>Source Files</Filter>
    </ClCompile>
    <ClCompile Include="C:\Users\p.debski\Desktop\libnyquist-master\libnyquist\third_party\wavpack\src\unpack_utils.c">
      <Filter>Source Files</Filter>
    </ClCompile>
    <ClCompile Include="C:\Users\p.debski\Desktop\libnyquist-master\libnyquist\third_party\wavpack\src\write_words.c">
      <Filter>Source Files</Filter>
    </ClCompile>
  </ItemGroup>
  <ItemGroup>
    <ClInclude Include="C:\Users\p.debski\Desktop\libnyquist-master\libnyquist\include\libnyquist\Common.h">
      <Filter>Header Files</Filter>
    </ClInclude>
    <ClInclude Include="C:\Users\p.debski\Desktop\libnyquist-master\libnyquist\include\libnyquist\Decoders.h">
      <Filter>Header Files</Filter>
    </ClInclude>
    <ClInclude Include="C:\Users\p.debski\Desktop\libnyquist-master\libnyquist\include\libnyquist\Encoders.h">
      <Filter>Header Files</Filter>
    </ClInclude>
  </ItemGroup>
  <ItemGroup>
    <CustomBuild Include="C:\Users\p.debski\Desktop\libnyquist-master\libnyquist\CMakeLists.txt" />
  </ItemGroup>
  <ItemGroup>
    <Filter Include="Header Files">
      <UniqueIdentifier>{3EB73538-25B0-3B30-ABA7-4F18DF3F130C}</UniqueIdentifier>
    </Filter>
    <Filter Include="Source Files">
      <UniqueIdentifier>{6C9B0639-D1D1-3DDB-BFBF-163B5451B5ED}</UniqueIdentifier>
    </Filter>
    <Filter Include="src">
      <UniqueIdentifier>{42C4CFF1-F919-3144-BF21-93F8ADF4634F}</UniqueIdentifier>
    </Filter>
  </ItemGroup>
</Project>
