<?xml version="1.0" encoding="utf-8"?>
<Project ToolsVersion="17.0" xmlns="http://schemas.microsoft.com/developer/msbuild/2003">
  <ItemGroup>
    <ClCompile Include="C:\Users\p.debski\Desktop\libnyquist-master\libnyquist\examples\src\Main.cpp">
      <Filter>Source Files</Filter>
    </ClCompile>
    <ClCompile Include="C:\Users\p.debski\Desktop\libnyquist-master\libnyquist\examples\src\AudioDevice.cpp">
      <Filter>Source Files</Filter>
    </ClCompile>
    <ClCompile Include="C:\Users\p.debski\Desktop\libnyquist-master\libnyquist\third_party\rtaudio\RtAudio.cpp">
      <Filter>Source Files</Filter>
    </ClCompile>
  </ItemGroup>
  <ItemGroup>
    <ClInclude Include="C:\Users\p.debski\Desktop\libnyquist-master\libnyquist\examples\src\AudioDevice.h">
      <Filter>Header Files</Filter>
    </ClInclude>
    <ClInclude Include="C:\Users\p.debski\Desktop\libnyquist-master\libnyquist\examples\src\RingBuffer.h">
      <Filter>Header Files</Filter>
    </ClInclude>
    <ClInclude Include="C:\Users\p.debski\Desktop\libnyquist-master\libnyquist\third_party\rtaudio\RtAudio.h">
      <Filter>Header Files</Filter>
    </ClInclude>
  </ItemGroup>
  <ItemGroup>
    <CustomBuild Include="C:\Users\p.debski\Desktop\libnyquist-master\libnyquist\CMakeLists.txt" />
  </ItemGroup>
  <ItemGroup>
    <Filter Include="Header Files">
      <UniqueIdentifier>{3EB73538-25B0-3B30-ABA7-4F18DF3F130C}</UniqueIdentifier>
    </Filter>
    <Filter Include="Source Files">
      <UniqueIdentifier>{6C9B0639-D1D1-3DDB-BFBF-163B5451B5ED}</UniqueIdentifier>
    </Filter>
  </ItemGroup>
</Project>
