
Microsoft Visual Studio Solution File, Format Version 12.00
# Visual Studio Version 17
VisualStudioVersion = 17.2.32602.215
MinimumVisualStudioVersion = 10.0.40219.1
Project("{8BC9CEB8-8B4A-11D0-8D11-00A0C91BC942}") = "BuD", "BuD\BuD.vcxproj", "{F37479F4-57C1-4C26-AAA9-B3951514890A}"
EndProject
Project("{2150E333-8FDC-42A3-9474-1A3956D46DE8}") = "Dependencies", "Dependencies", "{049E5EF3-9004-4219-9B38-7406763DCE07}"
EndProject
Project("{8BC9CEB8-8B4A-11D0-8D11-00A0C91BC942}") = "Dear-ImGui", "Dependencies\DearImGui\DearImGui.vcxproj", "{E86E8410-58D4-4F25-B37F-E22AF5C65200}"
EndProject
Project("{8BC9CEB8-8B4A-11D0-8D11-00A0C91BC942}") = "DirectXTK_Desktop_2022", "Dependencies\DirectXTK\DirectXTK_Desktop_2022.vcxproj", "{E0B52AE7-E160-4D32-BF3F-910B785E5A8E}"
EndProject
Project("{8BC9CEB8-8B4A-11D0-8D11-00A0C91BC942}") = "Sandbox", "Sandbox\Sandbox.vcxproj", "{B1D00960-77C7-4019-9C28-089AD52D01D5}"
EndProject
Project("{8BC9CEB8-8B4A-11D0-8D11-00A0C91BC942}") = "BuD-CAD", "BuD-CAD\BuD-CAD.vcxproj", "{E722D7F4-699F-4BD4-A85F-C26ADA28BB57}"
EndProject
Project("{8BC9CEB8-8B4A-11D0-8D11-00A0C91BC942}") = "BuD-audio", "Dependencies\BuD-audio\BuD-audio.vcxproj", "{C303FFB3-E742-4BD3-9D35-1694214A564F}"
EndProject
Global
	GlobalSection(SolutionConfigurationPlatforms) = preSolution
		Debug|x64 = Debug|x64
		Debug|x86 = Debug|x86
		Release|x64 = Release|x64
		Release|x86 = Release|x86
	EndGlobalSection
	GlobalSection(ProjectConfigurationPlatforms) = postSolution
		{F37479F4-57C1-4C26-AAA9-B3951514890A}.Debug|x64.ActiveCfg = Debug|x64
		{F37479F4-57C1-4C26-AAA9-B3951514890A}.Debug|x64.Build.0 = Debug|x64
		{F37479F4-57C1-4C26-AAA9-B3951514890A}.Debug|x86.ActiveCfg = Debug|Win32
		{F37479F4-57C1-4C26-AAA9-B3951514890A}.Debug|x86.Build.0 = Debug|Win32
		{F37479F4-57C1-4C26-AAA9-B3951514890A}.Release|x64.ActiveCfg = Release|x64
		{F37479F4-57C1-4C26-AAA9-B3951514890A}.Release|x64.Build.0 = Release|x64
		{F37479F4-57C1-4C26-AAA9-B3951514890A}.Release|x86.ActiveCfg = Release|Win32
		{F37479F4-57C1-4C26-AAA9-B3951514890A}.Release|x86.Build.0 = Release|Win32
		{E86E8410-58D4-4F25-B37F-E22AF5C65200}.Debug|x64.ActiveCfg = Debug|x64
		{E86E8410-58D4-4F25-B37F-E22AF5C65200}.Debug|x64.Build.0 = Debug|x64
		{E86E8410-58D4-4F25-B37F-E22AF5C65200}.Debug|x86.ActiveCfg = Debug|Win32
		{E86E8410-58D4-4F25-B37F-E22AF5C65200}.Debug|x86.Build.0 = Debug|Win32
		{E86E8410-58D4-4F25-B37F-E22AF5C65200}.Release|x64.ActiveCfg = Release|x64
		{E86E8410-58D4-4F25-B37F-E22AF5C65200}.Release|x64.Build.0 = Release|x64
		{E86E8410-58D4-4F25-B37F-E22AF5C65200}.Release|x86.ActiveCfg = Release|Win32
		{E86E8410-58D4-4F25-B37F-E22AF5C65200}.Release|x86.Build.0 = Release|Win32
		{E0B52AE7-E160-4D32-BF3F-910B785E5A8E}.Debug|x64.ActiveCfg = Debug|x64
		{E0B52AE7-E160-4D32-BF3F-910B785E5A8E}.Debug|x64.Build.0 = Debug|x64
		{E0B52AE7-E160-4D32-BF3F-910B785E5A8E}.Debug|x86.ActiveCfg = Debug|Win32
		{E0B52AE7-E160-4D32-BF3F-910B785E5A8E}.Debug|x86.Build.0 = Debug|Win32
		{E0B52AE7-E160-4D32-BF3F-910B785E5A8E}.Release|x64.ActiveCfg = Release|x64
		{E0B52AE7-E160-4D32-BF3F-910B785E5A8E}.Release|x64.Build.0 = Release|x64
		{E0B52AE7-E160-4D32-BF3F-910B785E5A8E}.Release|x86.ActiveCfg = Release|Win32
		{E0B52AE7-E160-4D32-BF3F-910B785E5A8E}.Release|x86.Build.0 = Release|Win32
		{B1D00960-77C7-4019-9C28-089AD52D01D5}.Debug|x64.ActiveCfg = Debug|x64
		{B1D00960-77C7-4019-9C28-089AD52D01D5}.Debug|x64.Build.0 = Debug|x64
		{B1D00960-77C7-4019-9C28-089AD52D01D5}.Debug|x86.ActiveCfg = Debug|Win32
		{B1D00960-77C7-4019-9C28-089AD52D01D5}.Debug|x86.Build.0 = Debug|Win32
		{B1D00960-77C7-4019-9C28-089AD52D01D5}.Release|x64.ActiveCfg = Release|x64
		{B1D00960-77C7-4019-9C28-089AD52D01D5}.Release|x64.Build.0 = Release|x64
		{B1D00960-77C7-4019-9C28-089AD52D01D5}.Release|x86.ActiveCfg = Release|Win32
		{B1D00960-77C7-4019-9C28-089AD52D01D5}.Release|x86.Build.0 = Release|Win32
		{E722D7F4-699F-4BD4-A85F-C26ADA28BB57}.Debug|x64.ActiveCfg = Debug|x64
		{E722D7F4-699F-4BD4-A85F-C26ADA28BB57}.Debug|x64.Build.0 = Debug|x64
		{E722D7F4-699F-4BD4-A85F-C26ADA28BB57}.Debug|x86.ActiveCfg = Debug|Win32
		{E722D7F4-699F-4BD4-A85F-C26ADA28BB57}.Debug|x86.Build.0 = Debug|Win32
		{E722D7F4-699F-4BD4-A85F-C26ADA28BB57}.Release|x64.ActiveCfg = Release|x64
		{E722D7F4-699F-4BD4-A85F-C26ADA28BB57}.Release|x64.Build.0 = Release|x64
		{E722D7F4-699F-4BD4-A85F-C26ADA28BB57}.Release|x86.ActiveCfg = Release|Win32
		{E722D7F4-699F-4BD4-A85F-C26ADA28BB57}.Release|x86.Build.0 = Release|Win32
		{C303FFB3-E742-4BD3-9D35-1694214A564F}.Debug|x64.ActiveCfg = Debug|x64
		{C303FFB3-E742-4BD3-9D35-1694214A564F}.Debug|x64.Build.0 = Debug|x64
		{C303FFB3-E742-4BD3-9D35-1694214A564F}.Debug|x86.ActiveCfg = Debug|Win32
		{C303FFB3-E742-4BD3-9D35-1694214A564F}.Debug|x86.Build.0 = Debug|Win32
		{C303FFB3-E742-4BD3-9D35-1694214A564F}.Release|x64.ActiveCfg = Release|x64
		{C303FFB3-E742-4BD3-9D35-1694214A564F}.Release|x64.Build.0 = Release|x64
		{C303FFB3-E742-4BD3-9D35-1694214A564F}.Release|x86.ActiveCfg = Release|Win32
		{C303FFB3-E742-4BD3-9D35-1694214A564F}.Release|x86.Build.0 = Release|Win32
	EndGlobalSection
	GlobalSection(SolutionProperties) = preSolution
		HideSolutionNode = FALSE
	EndGlobalSection
	GlobalSection(NestedProjects) = preSolution
		{E86E8410-58D4-4F25-B37F-E22AF5C65200} = {049E5EF3-9004-4219-9B38-7406763DCE07}
		{E0B52AE7-E160-4D32-BF3F-910B785E5A8E} = {049E5EF3-9004-4219-9B38-7406763DCE07}
		{C303FFB3-E742-4BD3-9D35-1694214A564F} = {049E5EF3-9004-4219-9B38-7406763DCE07}
	EndGlobalSection
	GlobalSection(ExtensibilityGlobals) = postSolution
		SolutionGuid = {2E98CF69-B882-49DB-A456-EDCF4C292250}
	EndGlobalSection
EndGlobal
