<?xml version="1.0" encoding="utf-8"?>
<Project ToolsVersion="4.0" xmlns="http://schemas.microsoft.com/developer/msbuild/2003">
  <ItemGroup>
    <Filter Include="Source Files">
      <UniqueIdentifier>{4FC737F1-C7A5-4376-A066-2A32D752A2FF}</UniqueIdentifier>
      <Extensions>cpp;c;cc;cxx;c++;cppm;ixx;def;odl;idl;hpj;bat;asm;asmx</Extensions>
    </Filter>
    <Filter Include="Header Files">
      <UniqueIdentifier>{93995380-89BD-4b04-88EB-625FBE52EBFB}</UniqueIdentifier>
      <Extensions>h;hh;hpp;hxx;h++;hm;inl;inc;ipp;xsd</Extensions>
    </Filter>
    <Filter Include="Resource Files">
      <UniqueIdentifier>{67DA6AB6-F800-4c08-8B7A-83BB121AAD01}</UniqueIdentifier>
      <Extensions>rc;ico;cur;bmp;dlg;rc2;rct;bin;rgs;gif;jpg;jpeg;jpe;resx;tiff;tif;png;wav;mfcribbon-ms</Extensions>
    </Filter>
  </ItemGroup>
  <ItemGroup>
    <ClCompile Include="main.cpp">
      <Filter>Source Files</Filter>
    </ClCompile>
    <ClCompile Include="PumaApp.cpp">
      <Filter>Source Files</Filter>
    </ClCompile>
    <ClCompile Include="GUI\BaseGuiLayer.cpp">
      <Filter>Source Files</Filter>
    </ClCompile>
    <ClCompile Include="GUI\MainGuiLayer.cpp">
      <Filter>Source Files</Filter>
    </ClCompile>
    <ClCompile Include="DataLayers\MainDataLayer.cpp">
      <Filter>Source Files</Filter>
    </ClCompile>
    <ClCompile Include="DataLayers\Viewport\ViewportDataLayer.cpp">
      <Filter>Source Files</Filter>
    </ClCompile>
    <ClCompile Include="GUI\Viewport\ViewportGuiLayer.cpp">
      <Filter>Source Files</Filter>
    </ClCompile>
    <ClCompile Include="Robot\Frame.cpp">
      <Filter>Source Files</Filter>
    </ClCompile>
    <ClCompile Include="Robot\RobotParameters.cpp">
      <Filter>Source Files</Filter>
    </ClCompile>
    <ClCompile Include="Robot\InverseKinematicSolver.cpp">
      <Filter>Source Files</Filter>
    </ClCompile>
    <ClCompile Include="Robot\Mesh\RobotSegmentMesh.cpp">
      <Filter>Source Files</Filter>
    </ClCompile>
    <ClCompile Include="Robot\Mesh\PumaMesh.cpp">
      <Filter>Source Files</Filter>
    </ClCompile>
    <ClCompile Include="Behaviors\Mouse\BaseMouseBehaviorLayer.cpp">
      <Filter>Source Files</Filter>
    </ClCompile>
    <ClCompile Include="Behaviors\Mouse\MainMouseBehaviorLayer.cpp">
      <Filter>Source Files</Filter>
    </ClCompile>
    <ClCompile Include="Behaviors\Mouse\Camera\CameraMouseBehaviorLayer.cpp">
      <Filter>Source Files</Filter>
    </ClCompile>
    <ClCompile Include="DataLayers\Camera\CameraDataLayer.cpp">
      <Filter>Source Files</Filter>
    </ClCompile>
    <ClCompile Include="Behaviors\Keyboard\BaseKeyboardBehaviorLayer.cpp">
      <Filter>Source Files</Filter>
    </ClCompile>
    <ClCompile Include="Behaviors\Keyboard\MainKeyboardBehaviorLayer.cpp">
      <Filter>Source Files</Filter>
    </ClCompile>
    <ClCompile Include="Behaviors\Keyboard\Camera\CameraKeyboardBehaviorLayer.cpp">
      <Filter>Source Files</Filter>
    </ClCompile>
    <ClCompile Include="DataLayers\Simulation\SimulationDataLayer.cpp">
      <Filter>Source Files</Filter>
    </ClCompile>
    <ClCompile Include="Scene\Objects\Grid.cpp">
      <Filter>Source Files</Filter>
    </ClCompile>
    <ClCompile Include="Scene\PumaScene.cpp">
      <Filter>Source Files</Filter>
    </ClCompile>
    <ClCompile Include="Robot\Animation\AnimationKeyFrame.cpp">
      <Filter>Source Files</Filter>
    </ClCompile>
    <ClCompile Include="Robot\Animation\AnimationClip.cpp">
      <Filter>Source Files</Filter>
    </ClCompile>
    <ClCompile Include="GUI\Timeline\TimelineGuiLayer.cpp">
      <Filter>Source Files</Filter>
    </ClCompile>
  </ItemGroup>
  <ItemGroup>
    <ClInclude Include="PumaApp.h">
      <Filter>Header Files</Filter>
    </ClInclude>
    <ClInclude Include="GUI\BaseGuiLayer.h">
      <Filter>Header Files</Filter>
    </ClInclude>
    <ClInclude Include="GUI\MainGuiLayer.h">
      <Filter>Header Files</Filter>
    </ClInclude>
    <ClInclude Include="DataLayers\MainDataLayer.h">
      <Filter>Header Files</Filter>
    </ClInclude>
    <ClInclude Include="DataLayers\Viewport\ViewportDataLayer.h">
      <Filter>Header Files</Filter>
    </ClInclude>
    <ClInclude Include="GUI\Viewport\ViewportGuiLayer.h">
      <Filter>Header Files</Filter>
    </ClInclude>
    <ClInclude Include="Robot\RobotConfiguration.h">
      <Filter>Header Files</Filter>
    </ClInclude>
    <ClInclude Include="Robot\InverseKinematicSolver.h">
      <Filter>Header Files</Filter>
    </ClInclude>
    <ClInclude Include="Robot\Frame.h">
      <Filter>Header Files</Filter>
    </ClInclude>
    <ClInclude Include="Robot\RobotParameters.h">
      <Filter>Header Files</Filter>
    </ClInclude>
    <ClInclude Include="Robot\Mesh\RobotSegmentMesh.h">
      <Filter>Header Files</Filter>
    </ClInclude>
    <ClInclude Include="Robot\Mesh\PumaMesh.h">
      <Filter>Header Files</Filter>
    </ClInclude>
    <ClInclude Include="Behaviors\Mouse\BaseMouseBehaviorLayer.h">
      <Filter>Header Files</Filter>
    </ClInclude>
    <ClInclude Include="Behaviors\Mouse\MainMouseBehaviorLayer.h">
      <Filter>Header Files</Filter>
    </ClInclude>
    <ClInclude Include="Behaviors\Mouse\Camera\CameraMouseBehaviorLayer.h">
      <Filter>Header Files</Filter>
    </ClInclude>
    <ClInclude Include="DataLayers\Camera\CameraDataLayer.h">
      <Filter>Header Files</Filter>
    </ClInclude>
    <ClInclude Include="Behaviors\Keyboard\BaseKeyboardBehaviorLayer.h">
      <Filter>Header Files</Filter>
    </ClInclude>
    <ClInclude Include="Behaviors\Keyboard\MainKeyboardBehaviorLayer.h">
      <Filter>Header Files</Filter>
    </ClInclude>
    <ClInclude Include="Behaviors\Keyboard\Camera\CameraKeyboardBehaviorLayer.h">
      <Filter>Header Files</Filter>
    </ClInclude>
    <ClInclude Include="DataLayers\Simulation\SimulationDataLayer.h">
      <Filter>Header Files</Filter>
    </ClInclude>
    <ClInclude Include="Scene\Objects\Grid.h">
      <Filter>Header Files</Filter>
    </ClInclude>
    <ClInclude Include="Scene\PumaScene.h">
      <Filter>Header Files</Filter>
    </ClInclude>
    <ClInclude Include="Robot\Animation\AnimationClip.h">
      <Filter>Header Files</Filter>
    </ClInclude>
    <ClInclude Include="Robot\Animation\AnimationKeyFrame.h">
      <Filter>Header Files</Filter>
    </ClInclude>
    <ClInclude Include="GUI\Timeline\TimelineGuiLayer.h">
      <Filter>Header Files</Filter>
    </ClInclude>
  </ItemGroup>
  <ItemGroup>
    <FxCompile Include="Resources\Shaders\robot_segment_vs.hlsl" />
    <FxCompile Include="Resources\Shaders\robot_segment_ps.hlsl" />
    <FxCompile Include="Resources\Shaders\Grid\grid_vs.hlsl" />
    <FxCompile Include="Resources\Shaders\Grid\grid_ps.hlsl" />
  </ItemGroup>
</Project>